
Microsoft Visual Studio Solution File, Format Version 12.00
# Visual Studio Version 17
VisualStudioVersion = 17.0.31410.414
MinimumVisualStudioVersion = 10.0.40219.1
Project("{2150E333-8FDC-42A3-9474-1A3956D46DE8}") = "Solution Items", "Solution Items", "{5A289988-A100-41DA-B297-F4A3DE001B78}"
	ProjectSection(SolutionItems) = preProject
		NuGet.config = NuGet.config
	EndProjectSection
EndProject
Project("{9A19103F-16F7-4668-BE54-9A1E7A4F7556}") = "Sudoku.Core", "src\Sudoku.Core\Sudoku.Core.csproj", "{FCD247BE-77B3-4091-BDB5-1EEB768938B7}"
EndProject
Project("{9A19103F-16F7-4668-BE54-9A1E7A4F7556}") = "SystemExtensions", "src\System\SystemExtensions.csproj", "{5BF11834-ABCF-4BB8-BFA2-17B072D56A2C}"
EndProject
Project("{9A19103F-16F7-4668-BE54-9A1E7A4F7556}") = "Sudoku.Diagnostics.CodeGen", "src\Sudoku.Diagnostics.CodeGen\Sudoku.Diagnostics.CodeGen.csproj", "{D9245FB8-31D4-4ED7-BCAF-DF21033A2D93}"
EndProject
Project("{9A19103F-16F7-4668-BE54-9A1E7A4F7556}") = "Sudoku.CommandLine", "src\Sudoku.CommandLine\Sudoku.CommandLine.csproj", "{53AA4AE8-2517-4D85-9215-9ABB53FC751E}"
EndProject
Project("{2150E333-8FDC-42A3-9474-1A3956D46DE8}") = "License", "License", "{84B6F2B7-13D6-496B-8CAF-608E0CC0DEA0}"
	ProjectSection(SolutionItems) = preProject
		LICENSE-CODE = LICENSE-CODE
		LICENSE-WIKI = LICENSE-WIKI
	EndProjectSection
EndProject
Project("{2150E333-8FDC-42A3-9474-1A3956D46DE8}") = "Code of Conduct", "Code of Conduct", "{B3EAA001-CAD9-46DA-B0FA-62B64007EA39}"
	ProjectSection(SolutionItems) = preProject
		CODE_OF_CONDUCT.md = CODE_OF_CONDUCT.md
	EndProjectSection
EndProject
Project("{2150E333-8FDC-42A3-9474-1A3956D46DE8}") = "ReadMe", "ReadMe", "{382A5CF3-4638-4AEE-B0E3-36483B71924D}"
	ProjectSection(SolutionItems) = preProject
		README-zh-cn.md = README-zh-cn.md
		README.md = README.md
	EndProjectSection
EndProject
Project("{9A19103F-16F7-4668-BE54-9A1E7A4F7556}") = "SystemExtensions.CodeGen", "src\System.CodeGen\SystemExtensions.CodeGen.csproj", "{5E9E2D56-320A-4161-A6A8-A6A69630709E}"
EndProject
Project("{9A19103F-16F7-4668-BE54-9A1E7A4F7556}") = "Global.CodeGen", "src\Global.CodeGen\Global.CodeGen.csproj", "{C1C40889-5E10-43C7-9205-22562F22E843}"
EndProject
Project("{9A19103F-16F7-4668-BE54-9A1E7A4F7556}") = "Sudoku.Presentation", "src\Sudoku.Presentation\Sudoku.Presentation.csproj", "{38B61264-203F-48BA-9F88-1E7960BE394A}"
EndProject
Project("{9A19103F-16F7-4668-BE54-9A1E7A4F7556}") = "Sudoku.Recognition", "src\Sudoku.Recognition\Sudoku.Recognition.csproj", "{F58C1FEB-CA1A-4D70-82D5-6B5CC257F379}"
EndProject
Project("{2150E333-8FDC-42A3-9474-1A3956D46DE8}") = "Contacts", "Contacts", "{18A31D32-6FC6-4380-891E-F783C04BF2CD}"
	ProjectSection(SolutionItems) = preProject
		CONTACTS-zh-cn.md = CONTACTS-zh-cn.md
		CONTACTS.md = CONTACTS.md
	EndProjectSection
EndProject
Project("{9A19103F-16F7-4668-BE54-9A1E7A4F7556}") = "Sudoku.Gdip", "src\Sudoku.Gdip\Sudoku.Gdip.csproj", "{4BAD4F36-80B6-4D6E-AFA9-05164A023BF4}"
EndProject
Project("{9A19103F-16F7-4668-BE54-9A1E7A4F7556}") = "Sudoku.Test", "src\Sudoku.Test\Sudoku.Test.csproj", "{132803DF-EEAD-4C37-8A2C-A658074A0728}"
EndProject
Project("{C7167F0D-BC9F-4E6E-AFE1-012C56B48DB5}") = "SudokuStudio (Package)", "src\SudokuStudio\SudokuStudio (Package)\SudokuStudio (Package).wapproj", "{5A4C7C6D-3CCD-4586-AB8B-CD1181CDB871}"
EndProject
Project("{9A19103F-16F7-4668-BE54-9A1E7A4F7556}") = "SudokuStudio", "src\SudokuStudio\SudokuStudio\SudokuStudio.csproj", "{5AB39227-B8D8-4AA3-AF2D-899ED7BF3B67}"
EndProject
Project("{9A19103F-16F7-4668-BE54-9A1E7A4F7556}") = "SudokuStudio.CodeGen", "src\SudokuStudio.CodeGen\SudokuStudio.CodeGen.csproj", "{149EC831-79A1-4F0F-9CD5-CB64A497E36A}"
EndProject
Project("{9A19103F-16F7-4668-BE54-9A1E7A4F7556}") = "Sudoku.Analytics", "src\Sudoku.Analytics\Sudoku.Analytics.csproj", "{D188748E-0794-445F-AAE5-08F3874FDF26}"
EndProject
Project("{9A19103F-16F7-4668-BE54-9A1E7A4F7556}") = "Sudoku.Workflow.Bot.Oicq", "src\Sudoku.Workflow.Bot.Oicq\Sudoku.Workflow.Bot.Oicq.csproj", "{8139FDAC-48DA-4007-8B3B-50BEC86F9830}"
EndProject
Project("{9A19103F-16F7-4668-BE54-9A1E7A4F7556}") = "Sudoku.Analytics.CodeGen", "src\Sudoku.Analytics.CodeGen\Sudoku.Analytics.CodeGen.csproj", "{66040757-79FD-42DE-8068-1BEC68550DD0}"
EndProject
Project("{2150E333-8FDC-42A3-9474-1A3956D46DE8}") = "Solution-wide Code Configuration", "Solution-wide Code Configuration", "{B33F37B0-E19F-4CD2-993A-94C4571248AD}"
	ProjectSection(SolutionItems) = preProject
		.editorconfig = .editorconfig
		.filenesting.json = .filenesting.json
		Directory.Build.props = Directory.Build.props
		global-doc-comments.xml = global-doc-comments.xml
		misspelling-exclusion.dic = misspelling-exclusion.dic
	EndProjectSection
EndProject
Project("{9A19103F-16F7-4668-BE54-9A1E7A4F7556}") = "Sudoku.Algorithms", "src\Sudoku.Algorithms\Sudoku.Algorithms.csproj", "{1483F140-0EC4-405E-8B09-04625499A646}"
EndProject
Global
	GlobalSection(SolutionConfigurationPlatforms) = preSolution
		Build|Any CPU = Build|Any CPU
		Build|ARM = Build|ARM
		Build|ARM64 = Build|ARM64
		Build|x64 = Build|x64
		Build|x86 = Build|x86
		Debug|Any CPU = Debug|Any CPU
		Debug|ARM = Debug|ARM
		Debug|ARM64 = Debug|ARM64
		Debug|x64 = Debug|x64
		Debug|x86 = Debug|x86
		Release|Any CPU = Release|Any CPU
		Release|ARM = Release|ARM
		Release|ARM64 = Release|ARM64
		Release|x64 = Release|x64
		Release|x86 = Release|x86
	EndGlobalSection
	GlobalSection(ProjectConfigurationPlatforms) = postSolution
		{FCD247BE-77B3-4091-BDB5-1EEB768938B7}.Build|Any CPU.ActiveCfg = Release|Any CPU
		{FCD247BE-77B3-4091-BDB5-1EEB768938B7}.Build|Any CPU.Build.0 = Release|Any CPU
		{FCD247BE-77B3-4091-BDB5-1EEB768938B7}.Build|ARM.ActiveCfg = Release|Any CPU
		{FCD247BE-77B3-4091-BDB5-1EEB768938B7}.Build|ARM.Build.0 = Release|Any CPU
		{FCD247BE-77B3-4091-BDB5-1EEB768938B7}.Build|ARM64.ActiveCfg = Release|Any CPU
		{FCD247BE-77B3-4091-BDB5-1EEB768938B7}.Build|ARM64.Build.0 = Release|Any CPU
		{FCD247BE-77B3-4091-BDB5-1EEB768938B7}.Build|x64.ActiveCfg = Release|Any CPU
		{FCD247BE-77B3-4091-BDB5-1EEB768938B7}.Build|x64.Build.0 = Release|Any CPU
		{FCD247BE-77B3-4091-BDB5-1EEB768938B7}.Build|x86.ActiveCfg = Release|Any CPU
		{FCD247BE-77B3-4091-BDB5-1EEB768938B7}.Build|x86.Build.0 = Release|Any CPU
		{FCD247BE-77B3-4091-BDB5-1EEB768938B7}.Debug|Any CPU.ActiveCfg = Debug|Any CPU
		{FCD247BE-77B3-4091-BDB5-1EEB768938B7}.Debug|Any CPU.Build.0 = Debug|Any CPU
		{FCD247BE-77B3-4091-BDB5-1EEB768938B7}.Debug|ARM.ActiveCfg = Debug|Any CPU
		{FCD247BE-77B3-4091-BDB5-1EEB768938B7}.Debug|ARM.Build.0 = Debug|Any CPU
		{FCD247BE-77B3-4091-BDB5-1EEB768938B7}.Debug|ARM64.ActiveCfg = Debug|Any CPU
		{FCD247BE-77B3-4091-BDB5-1EEB768938B7}.Debug|ARM64.Build.0 = Debug|Any CPU
		{FCD247BE-77B3-4091-BDB5-1EEB768938B7}.Debug|x64.ActiveCfg = Debug|Any CPU
		{FCD247BE-77B3-4091-BDB5-1EEB768938B7}.Debug|x64.Build.0 = Debug|Any CPU
		{FCD247BE-77B3-4091-BDB5-1EEB768938B7}.Debug|x86.ActiveCfg = Debug|Any CPU
		{FCD247BE-77B3-4091-BDB5-1EEB768938B7}.Debug|x86.Build.0 = Debug|Any CPU
		{FCD247BE-77B3-4091-BDB5-1EEB768938B7}.Release|Any CPU.ActiveCfg = Release|Any CPU
		{FCD247BE-77B3-4091-BDB5-1EEB768938B7}.Release|Any CPU.Build.0 = Release|Any CPU
		{FCD247BE-77B3-4091-BDB5-1EEB768938B7}.Release|ARM.ActiveCfg = Release|Any CPU
		{FCD247BE-77B3-4091-BDB5-1EEB768938B7}.Release|ARM.Build.0 = Release|Any CPU
		{FCD247BE-77B3-4091-BDB5-1EEB768938B7}.Release|ARM64.ActiveCfg = Release|Any CPU
		{FCD247BE-77B3-4091-BDB5-1EEB768938B7}.Release|ARM64.Build.0 = Release|Any CPU
		{FCD247BE-77B3-4091-BDB5-1EEB768938B7}.Release|x64.ActiveCfg = Release|Any CPU
		{FCD247BE-77B3-4091-BDB5-1EEB768938B7}.Release|x64.Build.0 = Release|Any CPU
		{FCD247BE-77B3-4091-BDB5-1EEB768938B7}.Release|x86.ActiveCfg = Release|Any CPU
		{FCD247BE-77B3-4091-BDB5-1EEB768938B7}.Release|x86.Build.0 = Release|Any CPU
		{5BF11834-ABCF-4BB8-BFA2-17B072D56A2C}.Build|Any CPU.ActiveCfg = Release|Any CPU
		{5BF11834-ABCF-4BB8-BFA2-17B072D56A2C}.Build|Any CPU.Build.0 = Release|Any CPU
		{5BF11834-ABCF-4BB8-BFA2-17B072D56A2C}.Build|ARM.ActiveCfg = Release|Any CPU
		{5BF11834-ABCF-4BB8-BFA2-17B072D56A2C}.Build|ARM.Build.0 = Release|Any CPU
		{5BF11834-ABCF-4BB8-BFA2-17B072D56A2C}.Build|ARM64.ActiveCfg = Release|Any CPU
		{5BF11834-ABCF-4BB8-BFA2-17B072D56A2C}.Build|ARM64.Build.0 = Release|Any CPU
		{5BF11834-ABCF-4BB8-BFA2-17B072D56A2C}.Build|x64.ActiveCfg = Release|Any CPU
		{5BF11834-ABCF-4BB8-BFA2-17B072D56A2C}.Build|x64.Build.0 = Release|Any CPU
		{5BF11834-ABCF-4BB8-BFA2-17B072D56A2C}.Build|x86.ActiveCfg = Release|Any CPU
		{5BF11834-ABCF-4BB8-BFA2-17B072D56A2C}.Build|x86.Build.0 = Release|Any CPU
		{5BF11834-ABCF-4BB8-BFA2-17B072D56A2C}.Debug|Any CPU.ActiveCfg = Debug|Any CPU
		{5BF11834-ABCF-4BB8-BFA2-17B072D56A2C}.Debug|Any CPU.Build.0 = Debug|Any CPU
		{5BF11834-ABCF-4BB8-BFA2-17B072D56A2C}.Debug|ARM.ActiveCfg = Debug|Any CPU
		{5BF11834-ABCF-4BB8-BFA2-17B072D56A2C}.Debug|ARM.Build.0 = Debug|Any CPU
		{5BF11834-ABCF-4BB8-BFA2-17B072D56A2C}.Debug|ARM64.ActiveCfg = Debug|Any CPU
		{5BF11834-ABCF-4BB8-BFA2-17B072D56A2C}.Debug|ARM64.Build.0 = Debug|Any CPU
		{5BF11834-ABCF-4BB8-BFA2-17B072D56A2C}.Debug|x64.ActiveCfg = Debug|Any CPU
		{5BF11834-ABCF-4BB8-BFA2-17B072D56A2C}.Debug|x64.Build.0 = Debug|Any CPU
		{5BF11834-ABCF-4BB8-BFA2-17B072D56A2C}.Debug|x86.ActiveCfg = Debug|Any CPU
		{5BF11834-ABCF-4BB8-BFA2-17B072D56A2C}.Debug|x86.Build.0 = Debug|Any CPU
		{5BF11834-ABCF-4BB8-BFA2-17B072D56A2C}.Release|Any CPU.ActiveCfg = Release|Any CPU
		{5BF11834-ABCF-4BB8-BFA2-17B072D56A2C}.Release|Any CPU.Build.0 = Release|Any CPU
		{5BF11834-ABCF-4BB8-BFA2-17B072D56A2C}.Release|ARM.ActiveCfg = Release|Any CPU
		{5BF11834-ABCF-4BB8-BFA2-17B072D56A2C}.Release|ARM.Build.0 = Release|Any CPU
		{5BF11834-ABCF-4BB8-BFA2-17B072D56A2C}.Release|ARM64.ActiveCfg = Release|Any CPU
		{5BF11834-ABCF-4BB8-BFA2-17B072D56A2C}.Release|ARM64.Build.0 = Release|Any CPU
		{5BF11834-ABCF-4BB8-BFA2-17B072D56A2C}.Release|x64.ActiveCfg = Release|Any CPU
		{5BF11834-ABCF-4BB8-BFA2-17B072D56A2C}.Release|x64.Build.0 = Release|Any CPU
		{5BF11834-ABCF-4BB8-BFA2-17B072D56A2C}.Release|x86.ActiveCfg = Release|Any CPU
		{5BF11834-ABCF-4BB8-BFA2-17B072D56A2C}.Release|x86.Build.0 = Release|Any CPU
		{D9245FB8-31D4-4ED7-BCAF-DF21033A2D93}.Build|Any CPU.ActiveCfg = Release|Any CPU
		{D9245FB8-31D4-4ED7-BCAF-DF21033A2D93}.Build|Any CPU.Build.0 = Release|Any CPU
		{D9245FB8-31D4-4ED7-BCAF-DF21033A2D93}.Build|ARM.ActiveCfg = Release|Any CPU
		{D9245FB8-31D4-4ED7-BCAF-DF21033A2D93}.Build|ARM.Build.0 = Release|Any CPU
		{D9245FB8-31D4-4ED7-BCAF-DF21033A2D93}.Build|ARM64.ActiveCfg = Release|Any CPU
		{D9245FB8-31D4-4ED7-BCAF-DF21033A2D93}.Build|ARM64.Build.0 = Release|Any CPU
		{D9245FB8-31D4-4ED7-BCAF-DF21033A2D93}.Build|x64.ActiveCfg = Release|Any CPU
		{D9245FB8-31D4-4ED7-BCAF-DF21033A2D93}.Build|x64.Build.0 = Release|Any CPU
		{D9245FB8-31D4-4ED7-BCAF-DF21033A2D93}.Build|x86.ActiveCfg = Release|Any CPU
		{D9245FB8-31D4-4ED7-BCAF-DF21033A2D93}.Build|x86.Build.0 = Release|Any CPU
		{D9245FB8-31D4-4ED7-BCAF-DF21033A2D93}.Debug|Any CPU.ActiveCfg = Debug|Any CPU
		{D9245FB8-31D4-4ED7-BCAF-DF21033A2D93}.Debug|Any CPU.Build.0 = Debug|Any CPU
		{D9245FB8-31D4-4ED7-BCAF-DF21033A2D93}.Debug|ARM.ActiveCfg = Debug|Any CPU
		{D9245FB8-31D4-4ED7-BCAF-DF21033A2D93}.Debug|ARM.Build.0 = Debug|Any CPU
		{D9245FB8-31D4-4ED7-BCAF-DF21033A2D93}.Debug|ARM64.ActiveCfg = Debug|Any CPU
		{D9245FB8-31D4-4ED7-BCAF-DF21033A2D93}.Debug|ARM64.Build.0 = Debug|Any CPU
		{D9245FB8-31D4-4ED7-BCAF-DF21033A2D93}.Debug|x64.ActiveCfg = Debug|Any CPU
		{D9245FB8-31D4-4ED7-BCAF-DF21033A2D93}.Debug|x64.Build.0 = Debug|Any CPU
		{D9245FB8-31D4-4ED7-BCAF-DF21033A2D93}.Debug|x86.ActiveCfg = Debug|Any CPU
		{D9245FB8-31D4-4ED7-BCAF-DF21033A2D93}.Debug|x86.Build.0 = Debug|Any CPU
		{D9245FB8-31D4-4ED7-BCAF-DF21033A2D93}.Release|Any CPU.ActiveCfg = Release|Any CPU
		{D9245FB8-31D4-4ED7-BCAF-DF21033A2D93}.Release|Any CPU.Build.0 = Release|Any CPU
		{D9245FB8-31D4-4ED7-BCAF-DF21033A2D93}.Release|ARM.ActiveCfg = Release|Any CPU
		{D9245FB8-31D4-4ED7-BCAF-DF21033A2D93}.Release|ARM.Build.0 = Release|Any CPU
		{D9245FB8-31D4-4ED7-BCAF-DF21033A2D93}.Release|ARM64.ActiveCfg = Release|Any CPU
		{D9245FB8-31D4-4ED7-BCAF-DF21033A2D93}.Release|ARM64.Build.0 = Release|Any CPU
		{D9245FB8-31D4-4ED7-BCAF-DF21033A2D93}.Release|x64.ActiveCfg = Release|Any CPU
		{D9245FB8-31D4-4ED7-BCAF-DF21033A2D93}.Release|x64.Build.0 = Release|Any CPU
		{D9245FB8-31D4-4ED7-BCAF-DF21033A2D93}.Release|x86.ActiveCfg = Release|Any CPU
		{D9245FB8-31D4-4ED7-BCAF-DF21033A2D93}.Release|x86.Build.0 = Release|Any CPU
		{53AA4AE8-2517-4D85-9215-9ABB53FC751E}.Build|Any CPU.ActiveCfg = Release|Any CPU
		{53AA4AE8-2517-4D85-9215-9ABB53FC751E}.Build|Any CPU.Build.0 = Release|Any CPU
		{53AA4AE8-2517-4D85-9215-9ABB53FC751E}.Build|ARM.ActiveCfg = Release|Any CPU
		{53AA4AE8-2517-4D85-9215-9ABB53FC751E}.Build|ARM.Build.0 = Release|Any CPU
		{53AA4AE8-2517-4D85-9215-9ABB53FC751E}.Build|ARM64.ActiveCfg = Release|Any CPU
		{53AA4AE8-2517-4D85-9215-9ABB53FC751E}.Build|ARM64.Build.0 = Release|Any CPU
		{53AA4AE8-2517-4D85-9215-9ABB53FC751E}.Build|x64.ActiveCfg = Release|Any CPU
		{53AA4AE8-2517-4D85-9215-9ABB53FC751E}.Build|x64.Build.0 = Release|Any CPU
		{53AA4AE8-2517-4D85-9215-9ABB53FC751E}.Build|x86.ActiveCfg = Release|Any CPU
		{53AA4AE8-2517-4D85-9215-9ABB53FC751E}.Build|x86.Build.0 = Release|Any CPU
		{53AA4AE8-2517-4D85-9215-9ABB53FC751E}.Debug|Any CPU.ActiveCfg = Debug|Any CPU
		{53AA4AE8-2517-4D85-9215-9ABB53FC751E}.Debug|Any CPU.Build.0 = Debug|Any CPU
		{53AA4AE8-2517-4D85-9215-9ABB53FC751E}.Debug|ARM.ActiveCfg = Debug|Any CPU
		{53AA4AE8-2517-4D85-9215-9ABB53FC751E}.Debug|ARM.Build.0 = Debug|Any CPU
		{53AA4AE8-2517-4D85-9215-9ABB53FC751E}.Debug|ARM64.ActiveCfg = Debug|Any CPU
		{53AA4AE8-2517-4D85-9215-9ABB53FC751E}.Debug|ARM64.Build.0 = Debug|Any CPU
		{53AA4AE8-2517-4D85-9215-9ABB53FC751E}.Debug|x64.ActiveCfg = Debug|Any CPU
		{53AA4AE8-2517-4D85-9215-9ABB53FC751E}.Debug|x64.Build.0 = Debug|Any CPU
		{53AA4AE8-2517-4D85-9215-9ABB53FC751E}.Debug|x86.ActiveCfg = Debug|Any CPU
		{53AA4AE8-2517-4D85-9215-9ABB53FC751E}.Debug|x86.Build.0 = Debug|Any CPU
		{53AA4AE8-2517-4D85-9215-9ABB53FC751E}.Release|Any CPU.ActiveCfg = Release|Any CPU
		{53AA4AE8-2517-4D85-9215-9ABB53FC751E}.Release|Any CPU.Build.0 = Release|Any CPU
		{53AA4AE8-2517-4D85-9215-9ABB53FC751E}.Release|ARM.ActiveCfg = Release|Any CPU
		{53AA4AE8-2517-4D85-9215-9ABB53FC751E}.Release|ARM.Build.0 = Release|Any CPU
		{53AA4AE8-2517-4D85-9215-9ABB53FC751E}.Release|ARM64.ActiveCfg = Release|Any CPU
		{53AA4AE8-2517-4D85-9215-9ABB53FC751E}.Release|ARM64.Build.0 = Release|Any CPU
		{53AA4AE8-2517-4D85-9215-9ABB53FC751E}.Release|x64.ActiveCfg = Release|Any CPU
		{53AA4AE8-2517-4D85-9215-9ABB53FC751E}.Release|x64.Build.0 = Release|Any CPU
		{53AA4AE8-2517-4D85-9215-9ABB53FC751E}.Release|x86.ActiveCfg = Release|Any CPU
		{53AA4AE8-2517-4D85-9215-9ABB53FC751E}.Release|x86.Build.0 = Release|Any CPU
		{5E9E2D56-320A-4161-A6A8-A6A69630709E}.Build|Any CPU.ActiveCfg = Debug|Any CPU
		{5E9E2D56-320A-4161-A6A8-A6A69630709E}.Build|Any CPU.Build.0 = Debug|Any CPU
		{5E9E2D56-320A-4161-A6A8-A6A69630709E}.Build|ARM.ActiveCfg = Debug|Any CPU
		{5E9E2D56-320A-4161-A6A8-A6A69630709E}.Build|ARM.Build.0 = Debug|Any CPU
		{5E9E2D56-320A-4161-A6A8-A6A69630709E}.Build|ARM64.ActiveCfg = Debug|Any CPU
		{5E9E2D56-320A-4161-A6A8-A6A69630709E}.Build|ARM64.Build.0 = Debug|Any CPU
		{5E9E2D56-320A-4161-A6A8-A6A69630709E}.Build|x64.ActiveCfg = Debug|Any CPU
		{5E9E2D56-320A-4161-A6A8-A6A69630709E}.Build|x64.Build.0 = Debug|Any CPU
		{5E9E2D56-320A-4161-A6A8-A6A69630709E}.Build|x86.ActiveCfg = Debug|Any CPU
		{5E9E2D56-320A-4161-A6A8-A6A69630709E}.Build|x86.Build.0 = Debug|Any CPU
		{5E9E2D56-320A-4161-A6A8-A6A69630709E}.Debug|Any CPU.ActiveCfg = Debug|Any CPU
		{5E9E2D56-320A-4161-A6A8-A6A69630709E}.Debug|Any CPU.Build.0 = Debug|Any CPU
		{5E9E2D56-320A-4161-A6A8-A6A69630709E}.Debug|ARM.ActiveCfg = Debug|Any CPU
		{5E9E2D56-320A-4161-A6A8-A6A69630709E}.Debug|ARM.Build.0 = Debug|Any CPU
		{5E9E2D56-320A-4161-A6A8-A6A69630709E}.Debug|ARM64.ActiveCfg = Debug|Any CPU
		{5E9E2D56-320A-4161-A6A8-A6A69630709E}.Debug|ARM64.Build.0 = Debug|Any CPU
		{5E9E2D56-320A-4161-A6A8-A6A69630709E}.Debug|x64.ActiveCfg = Debug|Any CPU
		{5E9E2D56-320A-4161-A6A8-A6A69630709E}.Debug|x64.Build.0 = Debug|Any CPU
		{5E9E2D56-320A-4161-A6A8-A6A69630709E}.Debug|x86.ActiveCfg = Debug|Any CPU
		{5E9E2D56-320A-4161-A6A8-A6A69630709E}.Debug|x86.Build.0 = Debug|Any CPU
		{5E9E2D56-320A-4161-A6A8-A6A69630709E}.Release|Any CPU.ActiveCfg = Release|Any CPU
		{5E9E2D56-320A-4161-A6A8-A6A69630709E}.Release|Any CPU.Build.0 = Release|Any CPU
		{5E9E2D56-320A-4161-A6A8-A6A69630709E}.Release|ARM.ActiveCfg = Release|Any CPU
		{5E9E2D56-320A-4161-A6A8-A6A69630709E}.Release|ARM.Build.0 = Release|Any CPU
		{5E9E2D56-320A-4161-A6A8-A6A69630709E}.Release|ARM64.ActiveCfg = Release|Any CPU
		{5E9E2D56-320A-4161-A6A8-A6A69630709E}.Release|ARM64.Build.0 = Release|Any CPU
		{5E9E2D56-320A-4161-A6A8-A6A69630709E}.Release|x64.ActiveCfg = Release|Any CPU
		{5E9E2D56-320A-4161-A6A8-A6A69630709E}.Release|x64.Build.0 = Release|Any CPU
		{5E9E2D56-320A-4161-A6A8-A6A69630709E}.Release|x86.ActiveCfg = Release|Any CPU
		{5E9E2D56-320A-4161-A6A8-A6A69630709E}.Release|x86.Build.0 = Release|Any CPU
		{C1C40889-5E10-43C7-9205-22562F22E843}.Build|Any CPU.ActiveCfg = Debug|Any CPU
		{C1C40889-5E10-43C7-9205-22562F22E843}.Build|Any CPU.Build.0 = Debug|Any CPU
		{C1C40889-5E10-43C7-9205-22562F22E843}.Build|ARM.ActiveCfg = Debug|Any CPU
		{C1C40889-5E10-43C7-9205-22562F22E843}.Build|ARM.Build.0 = Debug|Any CPU
		{C1C40889-5E10-43C7-9205-22562F22E843}.Build|ARM64.ActiveCfg = Debug|Any CPU
		{C1C40889-5E10-43C7-9205-22562F22E843}.Build|ARM64.Build.0 = Debug|Any CPU
		{C1C40889-5E10-43C7-9205-22562F22E843}.Build|x64.ActiveCfg = Debug|Any CPU
		{C1C40889-5E10-43C7-9205-22562F22E843}.Build|x64.Build.0 = Debug|Any CPU
		{C1C40889-5E10-43C7-9205-22562F22E843}.Build|x86.ActiveCfg = Debug|Any CPU
		{C1C40889-5E10-43C7-9205-22562F22E843}.Build|x86.Build.0 = Debug|Any CPU
		{C1C40889-5E10-43C7-9205-22562F22E843}.Debug|Any CPU.ActiveCfg = Debug|Any CPU
		{C1C40889-5E10-43C7-9205-22562F22E843}.Debug|Any CPU.Build.0 = Debug|Any CPU
		{C1C40889-5E10-43C7-9205-22562F22E843}.Debug|ARM.ActiveCfg = Debug|Any CPU
		{C1C40889-5E10-43C7-9205-22562F22E843}.Debug|ARM.Build.0 = Debug|Any CPU
		{C1C40889-5E10-43C7-9205-22562F22E843}.Debug|ARM64.ActiveCfg = Debug|Any CPU
		{C1C40889-5E10-43C7-9205-22562F22E843}.Debug|ARM64.Build.0 = Debug|Any CPU
		{C1C40889-5E10-43C7-9205-22562F22E843}.Debug|x64.ActiveCfg = Debug|Any CPU
		{C1C40889-5E10-43C7-9205-22562F22E843}.Debug|x64.Build.0 = Debug|Any CPU
		{C1C40889-5E10-43C7-9205-22562F22E843}.Debug|x86.ActiveCfg = Debug|Any CPU
		{C1C40889-5E10-43C7-9205-22562F22E843}.Debug|x86.Build.0 = Debug|Any CPU
		{C1C40889-5E10-43C7-9205-22562F22E843}.Release|Any CPU.ActiveCfg = Release|Any CPU
		{C1C40889-5E10-43C7-9205-22562F22E843}.Release|Any CPU.Build.0 = Release|Any CPU
		{C1C40889-5E10-43C7-9205-22562F22E843}.Release|ARM.ActiveCfg = Release|Any CPU
		{C1C40889-5E10-43C7-9205-22562F22E843}.Release|ARM.Build.0 = Release|Any CPU
		{C1C40889-5E10-43C7-9205-22562F22E843}.Release|ARM64.ActiveCfg = Release|Any CPU
		{C1C40889-5E10-43C7-9205-22562F22E843}.Release|ARM64.Build.0 = Release|Any CPU
		{C1C40889-5E10-43C7-9205-22562F22E843}.Release|x64.ActiveCfg = Release|Any CPU
		{C1C40889-5E10-43C7-9205-22562F22E843}.Release|x64.Build.0 = Release|Any CPU
		{C1C40889-5E10-43C7-9205-22562F22E843}.Release|x86.ActiveCfg = Release|Any CPU
		{C1C40889-5E10-43C7-9205-22562F22E843}.Release|x86.Build.0 = Release|Any CPU
		{38B61264-203F-48BA-9F88-1E7960BE394A}.Build|Any CPU.ActiveCfg = Debug|Any CPU
		{38B61264-203F-48BA-9F88-1E7960BE394A}.Build|Any CPU.Build.0 = Debug|Any CPU
		{38B61264-203F-48BA-9F88-1E7960BE394A}.Build|ARM.ActiveCfg = Debug|Any CPU
		{38B61264-203F-48BA-9F88-1E7960BE394A}.Build|ARM.Build.0 = Debug|Any CPU
		{38B61264-203F-48BA-9F88-1E7960BE394A}.Build|ARM64.ActiveCfg = Debug|Any CPU
		{38B61264-203F-48BA-9F88-1E7960BE394A}.Build|ARM64.Build.0 = Debug|Any CPU
		{38B61264-203F-48BA-9F88-1E7960BE394A}.Build|x64.ActiveCfg = Debug|Any CPU
		{38B61264-203F-48BA-9F88-1E7960BE394A}.Build|x64.Build.0 = Debug|Any CPU
		{38B61264-203F-48BA-9F88-1E7960BE394A}.Build|x86.ActiveCfg = Debug|Any CPU
		{38B61264-203F-48BA-9F88-1E7960BE394A}.Build|x86.Build.0 = Debug|Any CPU
		{38B61264-203F-48BA-9F88-1E7960BE394A}.Debug|Any CPU.ActiveCfg = Debug|Any CPU
		{38B61264-203F-48BA-9F88-1E7960BE394A}.Debug|Any CPU.Build.0 = Debug|Any CPU
		{38B61264-203F-48BA-9F88-1E7960BE394A}.Debug|ARM.ActiveCfg = Debug|Any CPU
		{38B61264-203F-48BA-9F88-1E7960BE394A}.Debug|ARM.Build.0 = Debug|Any CPU
		{38B61264-203F-48BA-9F88-1E7960BE394A}.Debug|ARM64.ActiveCfg = Debug|Any CPU
		{38B61264-203F-48BA-9F88-1E7960BE394A}.Debug|ARM64.Build.0 = Debug|Any CPU
		{38B61264-203F-48BA-9F88-1E7960BE394A}.Debug|x64.ActiveCfg = Debug|Any CPU
		{38B61264-203F-48BA-9F88-1E7960BE394A}.Debug|x64.Build.0 = Debug|Any CPU
		{38B61264-203F-48BA-9F88-1E7960BE394A}.Debug|x86.ActiveCfg = Debug|Any CPU
		{38B61264-203F-48BA-9F88-1E7960BE394A}.Debug|x86.Build.0 = Debug|Any CPU
		{38B61264-203F-48BA-9F88-1E7960BE394A}.Release|Any CPU.ActiveCfg = Release|Any CPU
		{38B61264-203F-48BA-9F88-1E7960BE394A}.Release|Any CPU.Build.0 = Release|Any CPU
		{38B61264-203F-48BA-9F88-1E7960BE394A}.Release|ARM.ActiveCfg = Release|Any CPU
		{38B61264-203F-48BA-9F88-1E7960BE394A}.Release|ARM.Build.0 = Release|Any CPU
		{38B61264-203F-48BA-9F88-1E7960BE394A}.Release|ARM64.ActiveCfg = Release|Any CPU
		{38B61264-203F-48BA-9F88-1E7960BE394A}.Release|ARM64.Build.0 = Release|Any CPU
		{38B61264-203F-48BA-9F88-1E7960BE394A}.Release|x64.ActiveCfg = Release|Any CPU
		{38B61264-203F-48BA-9F88-1E7960BE394A}.Release|x64.Build.0 = Release|Any CPU
		{38B61264-203F-48BA-9F88-1E7960BE394A}.Release|x86.ActiveCfg = Release|Any CPU
		{38B61264-203F-48BA-9F88-1E7960BE394A}.Release|x86.Build.0 = Release|Any CPU
		{F58C1FEB-CA1A-4D70-82D5-6B5CC257F379}.Build|Any CPU.ActiveCfg = Debug|Any CPU
		{F58C1FEB-CA1A-4D70-82D5-6B5CC257F379}.Build|Any CPU.Build.0 = Debug|Any CPU
		{F58C1FEB-CA1A-4D70-82D5-6B5CC257F379}.Build|ARM.ActiveCfg = Debug|Any CPU
		{F58C1FEB-CA1A-4D70-82D5-6B5CC257F379}.Build|ARM.Build.0 = Debug|Any CPU
		{F58C1FEB-CA1A-4D70-82D5-6B5CC257F379}.Build|ARM64.ActiveCfg = Debug|Any CPU
		{F58C1FEB-CA1A-4D70-82D5-6B5CC257F379}.Build|ARM64.Build.0 = Debug|Any CPU
		{F58C1FEB-CA1A-4D70-82D5-6B5CC257F379}.Build|x64.ActiveCfg = Debug|Any CPU
		{F58C1FEB-CA1A-4D70-82D5-6B5CC257F379}.Build|x64.Build.0 = Debug|Any CPU
		{F58C1FEB-CA1A-4D70-82D5-6B5CC257F379}.Build|x86.ActiveCfg = Debug|Any CPU
		{F58C1FEB-CA1A-4D70-82D5-6B5CC257F379}.Build|x86.Build.0 = Debug|Any CPU
		{F58C1FEB-CA1A-4D70-82D5-6B5CC257F379}.Debug|Any CPU.ActiveCfg = Debug|Any CPU
		{F58C1FEB-CA1A-4D70-82D5-6B5CC257F379}.Debug|Any CPU.Build.0 = Debug|Any CPU
		{F58C1FEB-CA1A-4D70-82D5-6B5CC257F379}.Debug|ARM.ActiveCfg = Debug|Any CPU
		{F58C1FEB-CA1A-4D70-82D5-6B5CC257F379}.Debug|ARM.Build.0 = Debug|Any CPU
		{F58C1FEB-CA1A-4D70-82D5-6B5CC257F379}.Debug|ARM64.ActiveCfg = Debug|Any CPU
		{F58C1FEB-CA1A-4D70-82D5-6B5CC257F379}.Debug|ARM64.Build.0 = Debug|Any CPU
		{F58C1FEB-CA1A-4D70-82D5-6B5CC257F379}.Debug|x64.ActiveCfg = Debug|Any CPU
		{F58C1FEB-CA1A-4D70-82D5-6B5CC257F379}.Debug|x64.Build.0 = Debug|Any CPU
		{F58C1FEB-CA1A-4D70-82D5-6B5CC257F379}.Debug|x86.ActiveCfg = Debug|Any CPU
		{F58C1FEB-CA1A-4D70-82D5-6B5CC257F379}.Debug|x86.Build.0 = Debug|Any CPU
		{F58C1FEB-CA1A-4D70-82D5-6B5CC257F379}.Release|Any CPU.ActiveCfg = Release|Any CPU
		{F58C1FEB-CA1A-4D70-82D5-6B5CC257F379}.Release|Any CPU.Build.0 = Release|Any CPU
		{F58C1FEB-CA1A-4D70-82D5-6B5CC257F379}.Release|ARM.ActiveCfg = Release|Any CPU
		{F58C1FEB-CA1A-4D70-82D5-6B5CC257F379}.Release|ARM.Build.0 = Release|Any CPU
		{F58C1FEB-CA1A-4D70-82D5-6B5CC257F379}.Release|ARM64.ActiveCfg = Release|Any CPU
		{F58C1FEB-CA1A-4D70-82D5-6B5CC257F379}.Release|ARM64.Build.0 = Release|Any CPU
		{F58C1FEB-CA1A-4D70-82D5-6B5CC257F379}.Release|x64.ActiveCfg = Release|Any CPU
		{F58C1FEB-CA1A-4D70-82D5-6B5CC257F379}.Release|x64.Build.0 = Release|Any CPU
		{F58C1FEB-CA1A-4D70-82D5-6B5CC257F379}.Release|x86.ActiveCfg = Release|Any CPU
		{F58C1FEB-CA1A-4D70-82D5-6B5CC257F379}.Release|x86.Build.0 = Release|Any CPU
		{4BAD4F36-80B6-4D6E-AFA9-05164A023BF4}.Build|Any CPU.ActiveCfg = Debug|Any CPU
		{4BAD4F36-80B6-4D6E-AFA9-05164A023BF4}.Build|Any CPU.Build.0 = Debug|Any CPU
		{4BAD4F36-80B6-4D6E-AFA9-05164A023BF4}.Build|ARM.ActiveCfg = Debug|Any CPU
		{4BAD4F36-80B6-4D6E-AFA9-05164A023BF4}.Build|ARM.Build.0 = Debug|Any CPU
		{4BAD4F36-80B6-4D6E-AFA9-05164A023BF4}.Build|ARM64.ActiveCfg = Debug|Any CPU
		{4BAD4F36-80B6-4D6E-AFA9-05164A023BF4}.Build|ARM64.Build.0 = Debug|Any CPU
		{4BAD4F36-80B6-4D6E-AFA9-05164A023BF4}.Build|x64.ActiveCfg = Debug|Any CPU
		{4BAD4F36-80B6-4D6E-AFA9-05164A023BF4}.Build|x64.Build.0 = Debug|Any CPU
		{4BAD4F36-80B6-4D6E-AFA9-05164A023BF4}.Build|x86.ActiveCfg = Debug|Any CPU
		{4BAD4F36-80B6-4D6E-AFA9-05164A023BF4}.Build|x86.Build.0 = Debug|Any CPU
		{4BAD4F36-80B6-4D6E-AFA9-05164A023BF4}.Debug|Any CPU.ActiveCfg = Debug|Any CPU
		{4BAD4F36-80B6-4D6E-AFA9-05164A023BF4}.Debug|Any CPU.Build.0 = Debug|Any CPU
		{4BAD4F36-80B6-4D6E-AFA9-05164A023BF4}.Debug|ARM.ActiveCfg = Debug|Any CPU
		{4BAD4F36-80B6-4D6E-AFA9-05164A023BF4}.Debug|ARM.Build.0 = Debug|Any CPU
		{4BAD4F36-80B6-4D6E-AFA9-05164A023BF4}.Debug|ARM64.ActiveCfg = Debug|Any CPU
		{4BAD4F36-80B6-4D6E-AFA9-05164A023BF4}.Debug|ARM64.Build.0 = Debug|Any CPU
		{4BAD4F36-80B6-4D6E-AFA9-05164A023BF4}.Debug|x64.ActiveCfg = Debug|Any CPU
		{4BAD4F36-80B6-4D6E-AFA9-05164A023BF4}.Debug|x64.Build.0 = Debug|Any CPU
		{4BAD4F36-80B6-4D6E-AFA9-05164A023BF4}.Debug|x86.ActiveCfg = Debug|Any CPU
		{4BAD4F36-80B6-4D6E-AFA9-05164A023BF4}.Debug|x86.Build.0 = Debug|Any CPU
		{4BAD4F36-80B6-4D6E-AFA9-05164A023BF4}.Release|Any CPU.ActiveCfg = Release|Any CPU
		{4BAD4F36-80B6-4D6E-AFA9-05164A023BF4}.Release|Any CPU.Build.0 = Release|Any CPU
		{4BAD4F36-80B6-4D6E-AFA9-05164A023BF4}.Release|ARM.ActiveCfg = Release|Any CPU
		{4BAD4F36-80B6-4D6E-AFA9-05164A023BF4}.Release|ARM.Build.0 = Release|Any CPU
		{4BAD4F36-80B6-4D6E-AFA9-05164A023BF4}.Release|ARM64.ActiveCfg = Release|Any CPU
		{4BAD4F36-80B6-4D6E-AFA9-05164A023BF4}.Release|ARM64.Build.0 = Release|Any CPU
		{4BAD4F36-80B6-4D6E-AFA9-05164A023BF4}.Release|x64.ActiveCfg = Release|Any CPU
		{4BAD4F36-80B6-4D6E-AFA9-05164A023BF4}.Release|x64.Build.0 = Release|Any CPU
		{4BAD4F36-80B6-4D6E-AFA9-05164A023BF4}.Release|x86.ActiveCfg = Release|Any CPU
		{4BAD4F36-80B6-4D6E-AFA9-05164A023BF4}.Release|x86.Build.0 = Release|Any CPU
		{132803DF-EEAD-4C37-8A2C-A658074A0728}.Build|Any CPU.ActiveCfg = Debug|Any CPU
		{132803DF-EEAD-4C37-8A2C-A658074A0728}.Build|Any CPU.Build.0 = Debug|Any CPU
		{132803DF-EEAD-4C37-8A2C-A658074A0728}.Build|ARM.ActiveCfg = Debug|Any CPU
		{132803DF-EEAD-4C37-8A2C-A658074A0728}.Build|ARM.Build.0 = Debug|Any CPU
		{132803DF-EEAD-4C37-8A2C-A658074A0728}.Build|ARM64.ActiveCfg = Debug|Any CPU
		{132803DF-EEAD-4C37-8A2C-A658074A0728}.Build|ARM64.Build.0 = Debug|Any CPU
		{132803DF-EEAD-4C37-8A2C-A658074A0728}.Build|x64.ActiveCfg = Debug|Any CPU
		{132803DF-EEAD-4C37-8A2C-A658074A0728}.Build|x64.Build.0 = Debug|Any CPU
		{132803DF-EEAD-4C37-8A2C-A658074A0728}.Build|x86.ActiveCfg = Debug|Any CPU
		{132803DF-EEAD-4C37-8A2C-A658074A0728}.Build|x86.Build.0 = Debug|Any CPU
		{132803DF-EEAD-4C37-8A2C-A658074A0728}.Debug|Any CPU.ActiveCfg = Debug|Any CPU
		{132803DF-EEAD-4C37-8A2C-A658074A0728}.Debug|Any CPU.Build.0 = Debug|Any CPU
		{132803DF-EEAD-4C37-8A2C-A658074A0728}.Debug|ARM.ActiveCfg = Debug|Any CPU
		{132803DF-EEAD-4C37-8A2C-A658074A0728}.Debug|ARM.Build.0 = Debug|Any CPU
		{132803DF-EEAD-4C37-8A2C-A658074A0728}.Debug|ARM64.ActiveCfg = Debug|Any CPU
		{132803DF-EEAD-4C37-8A2C-A658074A0728}.Debug|ARM64.Build.0 = Debug|Any CPU
		{132803DF-EEAD-4C37-8A2C-A658074A0728}.Debug|x64.ActiveCfg = Debug|Any CPU
		{132803DF-EEAD-4C37-8A2C-A658074A0728}.Debug|x64.Build.0 = Debug|Any CPU
		{132803DF-EEAD-4C37-8A2C-A658074A0728}.Debug|x86.ActiveCfg = Debug|Any CPU
		{132803DF-EEAD-4C37-8A2C-A658074A0728}.Debug|x86.Build.0 = Debug|Any CPU
		{132803DF-EEAD-4C37-8A2C-A658074A0728}.Release|Any CPU.ActiveCfg = Release|Any CPU
		{132803DF-EEAD-4C37-8A2C-A658074A0728}.Release|Any CPU.Build.0 = Release|Any CPU
		{132803DF-EEAD-4C37-8A2C-A658074A0728}.Release|ARM.ActiveCfg = Release|Any CPU
		{132803DF-EEAD-4C37-8A2C-A658074A0728}.Release|ARM.Build.0 = Release|Any CPU
		{132803DF-EEAD-4C37-8A2C-A658074A0728}.Release|ARM64.ActiveCfg = Release|Any CPU
		{132803DF-EEAD-4C37-8A2C-A658074A0728}.Release|ARM64.Build.0 = Release|Any CPU
		{132803DF-EEAD-4C37-8A2C-A658074A0728}.Release|x64.ActiveCfg = Release|Any CPU
		{132803DF-EEAD-4C37-8A2C-A658074A0728}.Release|x64.Build.0 = Release|Any CPU
		{132803DF-EEAD-4C37-8A2C-A658074A0728}.Release|x86.ActiveCfg = Release|Any CPU
		{132803DF-EEAD-4C37-8A2C-A658074A0728}.Release|x86.Build.0 = Release|Any CPU
		{5A4C7C6D-3CCD-4586-AB8B-CD1181CDB871}.Build|Any CPU.ActiveCfg = Debug|x64
		{5A4C7C6D-3CCD-4586-AB8B-CD1181CDB871}.Build|Any CPU.Build.0 = Debug|x64
		{5A4C7C6D-3CCD-4586-AB8B-CD1181CDB871}.Build|Any CPU.Deploy.0 = Debug|x64
		{5A4C7C6D-3CCD-4586-AB8B-CD1181CDB871}.Build|ARM.ActiveCfg = Debug|x64
		{5A4C7C6D-3CCD-4586-AB8B-CD1181CDB871}.Build|ARM.Build.0 = Debug|x64
		{5A4C7C6D-3CCD-4586-AB8B-CD1181CDB871}.Build|ARM.Deploy.0 = Debug|x64
		{5A4C7C6D-3CCD-4586-AB8B-CD1181CDB871}.Build|ARM64.ActiveCfg = Debug|ARM64
		{5A4C7C6D-3CCD-4586-AB8B-CD1181CDB871}.Build|ARM64.Build.0 = Debug|ARM64
		{5A4C7C6D-3CCD-4586-AB8B-CD1181CDB871}.Build|ARM64.Deploy.0 = Debug|ARM64
		{5A4C7C6D-3CCD-4586-AB8B-CD1181CDB871}.Build|x64.ActiveCfg = Debug|x64
		{5A4C7C6D-3CCD-4586-AB8B-CD1181CDB871}.Build|x64.Build.0 = Debug|x64
		{5A4C7C6D-3CCD-4586-AB8B-CD1181CDB871}.Build|x64.Deploy.0 = Debug|x64
		{5A4C7C6D-3CCD-4586-AB8B-CD1181CDB871}.Build|x86.ActiveCfg = Debug|x86
		{5A4C7C6D-3CCD-4586-AB8B-CD1181CDB871}.Build|x86.Build.0 = Debug|x86
		{5A4C7C6D-3CCD-4586-AB8B-CD1181CDB871}.Build|x86.Deploy.0 = Debug|x86
		{5A4C7C6D-3CCD-4586-AB8B-CD1181CDB871}.Debug|Any CPU.ActiveCfg = Debug|x64
		{5A4C7C6D-3CCD-4586-AB8B-CD1181CDB871}.Debug|Any CPU.Build.0 = Debug|x64
		{5A4C7C6D-3CCD-4586-AB8B-CD1181CDB871}.Debug|Any CPU.Deploy.0 = Debug|x64
		{5A4C7C6D-3CCD-4586-AB8B-CD1181CDB871}.Debug|ARM.ActiveCfg = Debug|x64
		{5A4C7C6D-3CCD-4586-AB8B-CD1181CDB871}.Debug|ARM.Build.0 = Debug|x64
		{5A4C7C6D-3CCD-4586-AB8B-CD1181CDB871}.Debug|ARM.Deploy.0 = Debug|x64
		{5A4C7C6D-3CCD-4586-AB8B-CD1181CDB871}.Debug|ARM64.ActiveCfg = Debug|ARM64
		{5A4C7C6D-3CCD-4586-AB8B-CD1181CDB871}.Debug|ARM64.Build.0 = Debug|ARM64
		{5A4C7C6D-3CCD-4586-AB8B-CD1181CDB871}.Debug|ARM64.Deploy.0 = Debug|ARM64
		{5A4C7C6D-3CCD-4586-AB8B-CD1181CDB871}.Debug|x64.ActiveCfg = Debug|x64
		{5A4C7C6D-3CCD-4586-AB8B-CD1181CDB871}.Debug|x64.Build.0 = Debug|x64
		{5A4C7C6D-3CCD-4586-AB8B-CD1181CDB871}.Debug|x64.Deploy.0 = Debug|x64
		{5A4C7C6D-3CCD-4586-AB8B-CD1181CDB871}.Debug|x86.ActiveCfg = Debug|x86
		{5A4C7C6D-3CCD-4586-AB8B-CD1181CDB871}.Debug|x86.Build.0 = Debug|x86
		{5A4C7C6D-3CCD-4586-AB8B-CD1181CDB871}.Debug|x86.Deploy.0 = Debug|x86
		{5A4C7C6D-3CCD-4586-AB8B-CD1181CDB871}.Release|Any CPU.ActiveCfg = Release|x64
		{5A4C7C6D-3CCD-4586-AB8B-CD1181CDB871}.Release|Any CPU.Build.0 = Release|x64
		{5A4C7C6D-3CCD-4586-AB8B-CD1181CDB871}.Release|Any CPU.Deploy.0 = Release|x64
		{5A4C7C6D-3CCD-4586-AB8B-CD1181CDB871}.Release|ARM.ActiveCfg = Release|x64
		{5A4C7C6D-3CCD-4586-AB8B-CD1181CDB871}.Release|ARM.Build.0 = Release|x64
		{5A4C7C6D-3CCD-4586-AB8B-CD1181CDB871}.Release|ARM.Deploy.0 = Release|x64
		{5A4C7C6D-3CCD-4586-AB8B-CD1181CDB871}.Release|ARM64.ActiveCfg = Release|ARM64
		{5A4C7C6D-3CCD-4586-AB8B-CD1181CDB871}.Release|ARM64.Build.0 = Release|ARM64
		{5A4C7C6D-3CCD-4586-AB8B-CD1181CDB871}.Release|ARM64.Deploy.0 = Release|ARM64
		{5A4C7C6D-3CCD-4586-AB8B-CD1181CDB871}.Release|x64.ActiveCfg = Release|x64
		{5A4C7C6D-3CCD-4586-AB8B-CD1181CDB871}.Release|x64.Build.0 = Release|x64
		{5A4C7C6D-3CCD-4586-AB8B-CD1181CDB871}.Release|x64.Deploy.0 = Release|x64
		{5A4C7C6D-3CCD-4586-AB8B-CD1181CDB871}.Release|x86.ActiveCfg = Release|x86
		{5A4C7C6D-3CCD-4586-AB8B-CD1181CDB871}.Release|x86.Build.0 = Release|x86
		{5A4C7C6D-3CCD-4586-AB8B-CD1181CDB871}.Release|x86.Deploy.0 = Release|x86
		{5AB39227-B8D8-4AA3-AF2D-899ED7BF3B67}.Build|Any CPU.ActiveCfg = Debug|x64
		{5AB39227-B8D8-4AA3-AF2D-899ED7BF3B67}.Build|Any CPU.Build.0 = Debug|x64
		{5AB39227-B8D8-4AA3-AF2D-899ED7BF3B67}.Build|ARM.ActiveCfg = Debug|x64
		{5AB39227-B8D8-4AA3-AF2D-899ED7BF3B67}.Build|ARM.Build.0 = Debug|x64
		{5AB39227-B8D8-4AA3-AF2D-899ED7BF3B67}.Build|ARM64.ActiveCfg = Debug|ARM64
		{5AB39227-B8D8-4AA3-AF2D-899ED7BF3B67}.Build|ARM64.Build.0 = Debug|ARM64
		{5AB39227-B8D8-4AA3-AF2D-899ED7BF3B67}.Build|x64.ActiveCfg = Debug|x64
		{5AB39227-B8D8-4AA3-AF2D-899ED7BF3B67}.Build|x64.Build.0 = Debug|x64
		{5AB39227-B8D8-4AA3-AF2D-899ED7BF3B67}.Build|x86.ActiveCfg = Debug|x86
		{5AB39227-B8D8-4AA3-AF2D-899ED7BF3B67}.Build|x86.Build.0 = Debug|x86
		{5AB39227-B8D8-4AA3-AF2D-899ED7BF3B67}.Debug|Any CPU.ActiveCfg = Debug|x64
		{5AB39227-B8D8-4AA3-AF2D-899ED7BF3B67}.Debug|Any CPU.Build.0 = Debug|x64
		{5AB39227-B8D8-4AA3-AF2D-899ED7BF3B67}.Debug|ARM.ActiveCfg = Debug|x64
		{5AB39227-B8D8-4AA3-AF2D-899ED7BF3B67}.Debug|ARM.Build.0 = Debug|x64
		{5AB39227-B8D8-4AA3-AF2D-899ED7BF3B67}.Debug|ARM64.ActiveCfg = Debug|ARM64
		{5AB39227-B8D8-4AA3-AF2D-899ED7BF3B67}.Debug|ARM64.Build.0 = Debug|ARM64
		{5AB39227-B8D8-4AA3-AF2D-899ED7BF3B67}.Debug|x64.ActiveCfg = Debug|x64
		{5AB39227-B8D8-4AA3-AF2D-899ED7BF3B67}.Debug|x64.Build.0 = Debug|x64
		{5AB39227-B8D8-4AA3-AF2D-899ED7BF3B67}.Debug|x86.ActiveCfg = Debug|x86
		{5AB39227-B8D8-4AA3-AF2D-899ED7BF3B67}.Debug|x86.Build.0 = Debug|x86
		{5AB39227-B8D8-4AA3-AF2D-899ED7BF3B67}.Release|Any CPU.ActiveCfg = Release|x64
		{5AB39227-B8D8-4AA3-AF2D-899ED7BF3B67}.Release|Any CPU.Build.0 = Release|x64
		{5AB39227-B8D8-4AA3-AF2D-899ED7BF3B67}.Release|ARM.ActiveCfg = Release|x64
		{5AB39227-B8D8-4AA3-AF2D-899ED7BF3B67}.Release|ARM.Build.0 = Release|x64
		{5AB39227-B8D8-4AA3-AF2D-899ED7BF3B67}.Release|ARM64.ActiveCfg = Release|ARM64
		{5AB39227-B8D8-4AA3-AF2D-899ED7BF3B67}.Release|ARM64.Build.0 = Release|ARM64
		{5AB39227-B8D8-4AA3-AF2D-899ED7BF3B67}.Release|x64.ActiveCfg = Release|x64
		{5AB39227-B8D8-4AA3-AF2D-899ED7BF3B67}.Release|x64.Build.0 = Release|x64
		{5AB39227-B8D8-4AA3-AF2D-899ED7BF3B67}.Release|x86.ActiveCfg = Release|x86
		{5AB39227-B8D8-4AA3-AF2D-899ED7BF3B67}.Release|x86.Build.0 = Release|x86
		{149EC831-79A1-4F0F-9CD5-CB64A497E36A}.Build|Any CPU.ActiveCfg = Debug|Any CPU
		{149EC831-79A1-4F0F-9CD5-CB64A497E36A}.Build|Any CPU.Build.0 = Debug|Any CPU
		{149EC831-79A1-4F0F-9CD5-CB64A497E36A}.Build|ARM.ActiveCfg = Debug|Any CPU
		{149EC831-79A1-4F0F-9CD5-CB64A497E36A}.Build|ARM.Build.0 = Debug|Any CPU
		{149EC831-79A1-4F0F-9CD5-CB64A497E36A}.Build|ARM64.ActiveCfg = Debug|Any CPU
		{149EC831-79A1-4F0F-9CD5-CB64A497E36A}.Build|ARM64.Build.0 = Debug|Any CPU
		{149EC831-79A1-4F0F-9CD5-CB64A497E36A}.Build|x64.ActiveCfg = Debug|Any CPU
		{149EC831-79A1-4F0F-9CD5-CB64A497E36A}.Build|x64.Build.0 = Debug|Any CPU
		{149EC831-79A1-4F0F-9CD5-CB64A497E36A}.Build|x86.ActiveCfg = Debug|Any CPU
		{149EC831-79A1-4F0F-9CD5-CB64A497E36A}.Build|x86.Build.0 = Debug|Any CPU
		{149EC831-79A1-4F0F-9CD5-CB64A497E36A}.Debug|Any CPU.ActiveCfg = Debug|Any CPU
		{149EC831-79A1-4F0F-9CD5-CB64A497E36A}.Debug|Any CPU.Build.0 = Debug|Any CPU
		{149EC831-79A1-4F0F-9CD5-CB64A497E36A}.Debug|ARM.ActiveCfg = Debug|Any CPU
		{149EC831-79A1-4F0F-9CD5-CB64A497E36A}.Debug|ARM.Build.0 = Debug|Any CPU
		{149EC831-79A1-4F0F-9CD5-CB64A497E36A}.Debug|ARM64.ActiveCfg = Debug|Any CPU
		{149EC831-79A1-4F0F-9CD5-CB64A497E36A}.Debug|ARM64.Build.0 = Debug|Any CPU
		{149EC831-79A1-4F0F-9CD5-CB64A497E36A}.Debug|x64.ActiveCfg = Debug|Any CPU
		{149EC831-79A1-4F0F-9CD5-CB64A497E36A}.Debug|x64.Build.0 = Debug|Any CPU
		{149EC831-79A1-4F0F-9CD5-CB64A497E36A}.Debug|x86.ActiveCfg = Debug|Any CPU
		{149EC831-79A1-4F0F-9CD5-CB64A497E36A}.Debug|x86.Build.0 = Debug|Any CPU
		{149EC831-79A1-4F0F-9CD5-CB64A497E36A}.Release|Any CPU.ActiveCfg = Release|Any CPU
		{149EC831-79A1-4F0F-9CD5-CB64A497E36A}.Release|Any CPU.Build.0 = Release|Any CPU
		{149EC831-79A1-4F0F-9CD5-CB64A497E36A}.Release|ARM.ActiveCfg = Release|Any CPU
		{149EC831-79A1-4F0F-9CD5-CB64A497E36A}.Release|ARM.Build.0 = Release|Any CPU
		{149EC831-79A1-4F0F-9CD5-CB64A497E36A}.Release|ARM64.ActiveCfg = Release|Any CPU
		{149EC831-79A1-4F0F-9CD5-CB64A497E36A}.Release|ARM64.Build.0 = Release|Any CPU
		{149EC831-79A1-4F0F-9CD5-CB64A497E36A}.Release|x64.ActiveCfg = Release|Any CPU
		{149EC831-79A1-4F0F-9CD5-CB64A497E36A}.Release|x64.Build.0 = Release|Any CPU
		{149EC831-79A1-4F0F-9CD5-CB64A497E36A}.Release|x86.ActiveCfg = Release|Any CPU
		{149EC831-79A1-4F0F-9CD5-CB64A497E36A}.Release|x86.Build.0 = Release|Any CPU
		{D188748E-0794-445F-AAE5-08F3874FDF26}.Build|Any CPU.ActiveCfg = Debug|Any CPU
		{D188748E-0794-445F-AAE5-08F3874FDF26}.Build|Any CPU.Build.0 = Debug|Any CPU
		{D188748E-0794-445F-AAE5-08F3874FDF26}.Build|ARM.ActiveCfg = Debug|Any CPU
		{D188748E-0794-445F-AAE5-08F3874FDF26}.Build|ARM.Build.0 = Debug|Any CPU
		{D188748E-0794-445F-AAE5-08F3874FDF26}.Build|ARM64.ActiveCfg = Debug|Any CPU
		{D188748E-0794-445F-AAE5-08F3874FDF26}.Build|ARM64.Build.0 = Debug|Any CPU
		{D188748E-0794-445F-AAE5-08F3874FDF26}.Build|x64.ActiveCfg = Debug|Any CPU
		{D188748E-0794-445F-AAE5-08F3874FDF26}.Build|x64.Build.0 = Debug|Any CPU
		{D188748E-0794-445F-AAE5-08F3874FDF26}.Build|x86.ActiveCfg = Debug|Any CPU
		{D188748E-0794-445F-AAE5-08F3874FDF26}.Build|x86.Build.0 = Debug|Any CPU
		{D188748E-0794-445F-AAE5-08F3874FDF26}.Debug|Any CPU.ActiveCfg = Debug|Any CPU
		{D188748E-0794-445F-AAE5-08F3874FDF26}.Debug|Any CPU.Build.0 = Debug|Any CPU
		{D188748E-0794-445F-AAE5-08F3874FDF26}.Debug|ARM.ActiveCfg = Debug|Any CPU
		{D188748E-0794-445F-AAE5-08F3874FDF26}.Debug|ARM.Build.0 = Debug|Any CPU
		{D188748E-0794-445F-AAE5-08F3874FDF26}.Debug|ARM64.ActiveCfg = Debug|Any CPU
		{D188748E-0794-445F-AAE5-08F3874FDF26}.Debug|ARM64.Build.0 = Debug|Any CPU
		{D188748E-0794-445F-AAE5-08F3874FDF26}.Debug|x64.ActiveCfg = Debug|Any CPU
		{D188748E-0794-445F-AAE5-08F3874FDF26}.Debug|x64.Build.0 = Debug|Any CPU
		{D188748E-0794-445F-AAE5-08F3874FDF26}.Debug|x86.ActiveCfg = Debug|Any CPU
		{D188748E-0794-445F-AAE5-08F3874FDF26}.Debug|x86.Build.0 = Debug|Any CPU
		{D188748E-0794-445F-AAE5-08F3874FDF26}.Release|Any CPU.ActiveCfg = Release|Any CPU
		{D188748E-0794-445F-AAE5-08F3874FDF26}.Release|Any CPU.Build.0 = Release|Any CPU
		{D188748E-0794-445F-AAE5-08F3874FDF26}.Release|ARM.ActiveCfg = Release|Any CPU
		{D188748E-0794-445F-AAE5-08F3874FDF26}.Release|ARM.Build.0 = Release|Any CPU
		{D188748E-0794-445F-AAE5-08F3874FDF26}.Release|ARM64.ActiveCfg = Release|Any CPU
		{D188748E-0794-445F-AAE5-08F3874FDF26}.Release|ARM64.Build.0 = Release|Any CPU
		{D188748E-0794-445F-AAE5-08F3874FDF26}.Release|x64.ActiveCfg = Release|Any CPU
		{D188748E-0794-445F-AAE5-08F3874FDF26}.Release|x64.Build.0 = Release|Any CPU
		{D188748E-0794-445F-AAE5-08F3874FDF26}.Release|x86.ActiveCfg = Release|Any CPU
		{D188748E-0794-445F-AAE5-08F3874FDF26}.Release|x86.Build.0 = Release|Any CPU
		{8139FDAC-48DA-4007-8B3B-50BEC86F9830}.Build|Any CPU.ActiveCfg = Debug|Any CPU
		{8139FDAC-48DA-4007-8B3B-50BEC86F9830}.Build|Any CPU.Build.0 = Debug|Any CPU
		{8139FDAC-48DA-4007-8B3B-50BEC86F9830}.Build|ARM.ActiveCfg = Debug|Any CPU
		{8139FDAC-48DA-4007-8B3B-50BEC86F9830}.Build|ARM.Build.0 = Debug|Any CPU
		{8139FDAC-48DA-4007-8B3B-50BEC86F9830}.Build|ARM64.ActiveCfg = Debug|Any CPU
		{8139FDAC-48DA-4007-8B3B-50BEC86F9830}.Build|ARM64.Build.0 = Debug|Any CPU
		{8139FDAC-48DA-4007-8B3B-50BEC86F9830}.Build|x64.ActiveCfg = Debug|Any CPU
		{8139FDAC-48DA-4007-8B3B-50BEC86F9830}.Build|x64.Build.0 = Debug|Any CPU
		{8139FDAC-48DA-4007-8B3B-50BEC86F9830}.Build|x86.ActiveCfg = Debug|Any CPU
		{8139FDAC-48DA-4007-8B3B-50BEC86F9830}.Build|x86.Build.0 = Debug|Any CPU
		{8139FDAC-48DA-4007-8B3B-50BEC86F9830}.Debug|Any CPU.ActiveCfg = Debug|Any CPU
		{8139FDAC-48DA-4007-8B3B-50BEC86F9830}.Debug|Any CPU.Build.0 = Debug|Any CPU
		{8139FDAC-48DA-4007-8B3B-50BEC86F9830}.Debug|ARM.ActiveCfg = Debug|Any CPU
		{8139FDAC-48DA-4007-8B3B-50BEC86F9830}.Debug|ARM.Build.0 = Debug|Any CPU
		{8139FDAC-48DA-4007-8B3B-50BEC86F9830}.Debug|ARM64.ActiveCfg = Debug|Any CPU
		{8139FDAC-48DA-4007-8B3B-50BEC86F9830}.Debug|ARM64.Build.0 = Debug|Any CPU
		{8139FDAC-48DA-4007-8B3B-50BEC86F9830}.Debug|x64.ActiveCfg = Debug|Any CPU
		{8139FDAC-48DA-4007-8B3B-50BEC86F9830}.Debug|x64.Build.0 = Debug|Any CPU
		{8139FDAC-48DA-4007-8B3B-50BEC86F9830}.Debug|x86.ActiveCfg = Debug|Any CPU
		{8139FDAC-48DA-4007-8B3B-50BEC86F9830}.Debug|x86.Build.0 = Debug|Any CPU
		{8139FDAC-48DA-4007-8B3B-50BEC86F9830}.Release|Any CPU.ActiveCfg = Release|Any CPU
		{8139FDAC-48DA-4007-8B3B-50BEC86F9830}.Release|Any CPU.Build.0 = Release|Any CPU
		{8139FDAC-48DA-4007-8B3B-50BEC86F9830}.Release|ARM.ActiveCfg = Release|Any CPU
		{8139FDAC-48DA-4007-8B3B-50BEC86F9830}.Release|ARM.Build.0 = Release|Any CPU
		{8139FDAC-48DA-4007-8B3B-50BEC86F9830}.Release|ARM64.ActiveCfg = Release|Any CPU
		{8139FDAC-48DA-4007-8B3B-50BEC86F9830}.Release|ARM64.Build.0 = Release|Any CPU
		{8139FDAC-48DA-4007-8B3B-50BEC86F9830}.Release|x64.ActiveCfg = Release|Any CPU
		{8139FDAC-48DA-4007-8B3B-50BEC86F9830}.Release|x64.Build.0 = Release|Any CPU
		{8139FDAC-48DA-4007-8B3B-50BEC86F9830}.Release|x86.ActiveCfg = Release|Any CPU
		{8139FDAC-48DA-4007-8B3B-50BEC86F9830}.Release|x86.Build.0 = Release|Any CPU
		{66040757-79FD-42DE-8068-1BEC68550DD0}.Build|Any CPU.ActiveCfg = Debug|Any CPU
		{66040757-79FD-42DE-8068-1BEC68550DD0}.Build|Any CPU.Build.0 = Debug|Any CPU
		{66040757-79FD-42DE-8068-1BEC68550DD0}.Build|ARM.ActiveCfg = Debug|Any CPU
		{66040757-79FD-42DE-8068-1BEC68550DD0}.Build|ARM.Build.0 = Debug|Any CPU
		{66040757-79FD-42DE-8068-1BEC68550DD0}.Build|ARM64.ActiveCfg = Debug|Any CPU
		{66040757-79FD-42DE-8068-1BEC68550DD0}.Build|ARM64.Build.0 = Debug|Any CPU
		{66040757-79FD-42DE-8068-1BEC68550DD0}.Build|x64.ActiveCfg = Debug|Any CPU
		{66040757-79FD-42DE-8068-1BEC68550DD0}.Build|x64.Build.0 = Debug|Any CPU
		{66040757-79FD-42DE-8068-1BEC68550DD0}.Build|x86.ActiveCfg = Debug|Any CPU
		{66040757-79FD-42DE-8068-1BEC68550DD0}.Build|x86.Build.0 = Debug|Any CPU
		{66040757-79FD-42DE-8068-1BEC68550DD0}.Debug|Any CPU.ActiveCfg = Debug|Any CPU
		{66040757-79FD-42DE-8068-1BEC68550DD0}.Debug|Any CPU.Build.0 = Debug|Any CPU
		{66040757-79FD-42DE-8068-1BEC68550DD0}.Debug|ARM.ActiveCfg = Debug|Any CPU
		{66040757-79FD-42DE-8068-1BEC68550DD0}.Debug|ARM.Build.0 = Debug|Any CPU
		{66040757-79FD-42DE-8068-1BEC68550DD0}.Debug|ARM64.ActiveCfg = Debug|Any CPU
		{66040757-79FD-42DE-8068-1BEC68550DD0}.Debug|ARM64.Build.0 = Debug|Any CPU
		{66040757-79FD-42DE-8068-1BEC68550DD0}.Debug|x64.ActiveCfg = Debug|Any CPU
		{66040757-79FD-42DE-8068-1BEC68550DD0}.Debug|x64.Build.0 = Debug|Any CPU
		{66040757-79FD-42DE-8068-1BEC68550DD0}.Debug|x86.ActiveCfg = Debug|Any CPU
		{66040757-79FD-42DE-8068-1BEC68550DD0}.Debug|x86.Build.0 = Debug|Any CPU
		{66040757-79FD-42DE-8068-1BEC68550DD0}.Release|Any CPU.ActiveCfg = Release|Any CPU
		{66040757-79FD-42DE-8068-1BEC68550DD0}.Release|Any CPU.Build.0 = Release|Any CPU
		{66040757-79FD-42DE-8068-1BEC68550DD0}.Release|ARM.ActiveCfg = Release|Any CPU
		{66040757-79FD-42DE-8068-1BEC68550DD0}.Release|ARM.Build.0 = Release|Any CPU
		{66040757-79FD-42DE-8068-1BEC68550DD0}.Release|ARM64.ActiveCfg = Release|Any CPU
		{66040757-79FD-42DE-8068-1BEC68550DD0}.Release|ARM64.Build.0 = Release|Any CPU
		{66040757-79FD-42DE-8068-1BEC68550DD0}.Release|x64.ActiveCfg = Release|Any CPU
		{66040757-79FD-42DE-8068-1BEC68550DD0}.Release|x64.Build.0 = Release|Any CPU
		{66040757-79FD-42DE-8068-1BEC68550DD0}.Release|x86.ActiveCfg = Release|Any CPU
		{66040757-79FD-42DE-8068-1BEC68550DD0}.Release|x86.Build.0 = Release|Any CPU
		{1483F140-0EC4-405E-8B09-04625499A646}.Build|Any CPU.ActiveCfg = Debug|Any CPU
		{1483F140-0EC4-405E-8B09-04625499A646}.Build|Any CPU.Build.0 = Debug|Any CPU
		{1483F140-0EC4-405E-8B09-04625499A646}.Build|ARM.ActiveCfg = Debug|Any CPU
		{1483F140-0EC4-405E-8B09-04625499A646}.Build|ARM.Build.0 = Debug|Any CPU
		{1483F140-0EC4-405E-8B09-04625499A646}.Build|ARM64.ActiveCfg = Debug|Any CPU
		{1483F140-0EC4-405E-8B09-04625499A646}.Build|ARM64.Build.0 = Debug|Any CPU
		{1483F140-0EC4-405E-8B09-04625499A646}.Build|x64.ActiveCfg = Debug|Any CPU
		{1483F140-0EC4-405E-8B09-04625499A646}.Build|x64.Build.0 = Debug|Any CPU
		{1483F140-0EC4-405E-8B09-04625499A646}.Build|x86.ActiveCfg = Debug|Any CPU
		{1483F140-0EC4-405E-8B09-04625499A646}.Build|x86.Build.0 = Debug|Any CPU
		{1483F140-0EC4-405E-8B09-04625499A646}.Debug|Any CPU.ActiveCfg = Debug|Any CPU
		{1483F140-0EC4-405E-8B09-04625499A646}.Debug|Any CPU.Build.0 = Debug|Any CPU
		{1483F140-0EC4-405E-8B09-04625499A646}.Debug|ARM.ActiveCfg = Debug|Any CPU
		{1483F140-0EC4-405E-8B09-04625499A646}.Debug|ARM.Build.0 = Debug|Any CPU
		{1483F140-0EC4-405E-8B09-04625499A646}.Debug|ARM64.ActiveCfg = Debug|Any CPU
		{1483F140-0EC4-405E-8B09-04625499A646}.Debug|ARM64.Build.0 = Debug|Any CPU
		{1483F140-0EC4-405E-8B09-04625499A646}.Debug|x64.ActiveCfg = Debug|Any CPU
		{1483F140-0EC4-405E-8B09-04625499A646}.Debug|x64.Build.0 = Debug|Any CPU
		{1483F140-0EC4-405E-8B09-04625499A646}.Debug|x86.ActiveCfg = Debug|Any CPU
		{1483F140-0EC4-405E-8B09-04625499A646}.Debug|x86.Build.0 = Debug|Any CPU
		{1483F140-0EC4-405E-8B09-04625499A646}.Release|Any CPU.ActiveCfg = Release|Any CPU
		{1483F140-0EC4-405E-8B09-04625499A646}.Release|Any CPU.Build.0 = Release|Any CPU
		{1483F140-0EC4-405E-8B09-04625499A646}.Release|ARM.ActiveCfg = Release|Any CPU
		{1483F140-0EC4-405E-8B09-04625499A646}.Release|ARM.Build.0 = Release|Any CPU
		{1483F140-0EC4-405E-8B09-04625499A646}.Release|ARM64.ActiveCfg = Release|Any CPU
		{1483F140-0EC4-405E-8B09-04625499A646}.Release|ARM64.Build.0 = Release|Any CPU
		{1483F140-0EC4-405E-8B09-04625499A646}.Release|x64.ActiveCfg = Release|Any CPU
		{1483F140-0EC4-405E-8B09-04625499A646}.Release|x64.Build.0 = Release|Any CPU
		{1483F140-0EC4-405E-8B09-04625499A646}.Release|x86.ActiveCfg = Release|Any CPU
		{1483F140-0EC4-405E-8B09-04625499A646}.Release|x86.Build.0 = Release|Any CPU
	EndGlobalSection
	GlobalSection(SolutionProperties) = preSolution
		HideSolutionNode = FALSE
	EndGlobalSection
	GlobalSection(NestedProjects) = preSolution
		{84B6F2B7-13D6-496B-8CAF-608E0CC0DEA0} = {5A289988-A100-41DA-B297-F4A3DE001B78}
		{B3EAA001-CAD9-46DA-B0FA-62B64007EA39} = {5A289988-A100-41DA-B297-F4A3DE001B78}
		{382A5CF3-4638-4AEE-B0E3-36483B71924D} = {5A289988-A100-41DA-B297-F4A3DE001B78}
		{18A31D32-6FC6-4380-891E-F783C04BF2CD} = {5A289988-A100-41DA-B297-F4A3DE001B78}
		{B33F37B0-E19F-4CD2-993A-94C4571248AD} = {5A289988-A100-41DA-B297-F4A3DE001B78}
	EndGlobalSection
	GlobalSection(ExtensibilityGlobals) = postSolution
		RESX_ShowErrorsInErrorList = False
		RESX_Rules = {"EnabledRules":["StringFormat"]}
		SolutionGuid = {E2B6A644-F820-4AB3-8508-C3C59838C955}
	EndGlobalSection
EndGlobal
