
Microsoft Visual Studio Solution File, Format Version 12.00
# Visual Studio Version 17
VisualStudioVersion = 17.0.31410.414
MinimumVisualStudioVersion = 10.0.40219.1
Project("{2150E333-8FDC-42A3-9474-1A3956D46DE8}") = "Solution Items", "Solution Items", "{5A289988-A100-41DA-B297-F4A3DE001B78}"
	ProjectSection(SolutionItems) = preProject
		README-zh-cn.md = README-zh-cn.md
		README.md = README.md
	EndProjectSection
EndProject
Project("{9A19103F-16F7-4668-BE54-9A1E7A4F7556}") = "Sudoku.Core", "src\Sudoku.Core\Sudoku.Core.csproj", "{FCD247BE-77B3-4091-BDB5-1EEB768938B7}"
EndProject
Project("{9A19103F-16F7-4668-BE54-9A1E7A4F7556}") = "SystemExtensions", "src\System\SystemExtensions.csproj", "{5BF11834-ABCF-4BB8-BFA2-17B072D56A2C}"
EndProject
Project("{2150E333-8FDC-42A3-9474-1A3956D46DE8}") = "License", "License", "{84B6F2B7-13D6-496B-8CAF-608E0CC0DEA0}"
	ProjectSection(SolutionItems) = preProject
		LICENSE-CODE = LICENSE-CODE
		LICENSE-WIKI = LICENSE-WIKI
	EndProjectSection
EndProject
Project("{2150E333-8FDC-42A3-9474-1A3956D46DE8}") = "Code of Conduct", "Code of Conduct", "{B3EAA001-CAD9-46DA-B0FA-62B64007EA39}"
	ProjectSection(SolutionItems) = preProject
		CODE_OF_CONDUCT.md = CODE_OF_CONDUCT.md
	EndProjectSection
EndProject
Project("{2150E333-8FDC-42A3-9474-1A3956D46DE8}") = "Contacts", "Contacts", "{18A31D32-6FC6-4380-891E-F783C04BF2CD}"
	ProjectSection(SolutionItems) = preProject
		CONTACTS-zh-cn.md = CONTACTS-zh-cn.md
		CONTACTS.md = CONTACTS.md
	EndProjectSection
EndProject
Project("{9A19103F-16F7-4668-BE54-9A1E7A4F7556}") = "Sudoku.Gdip", "src\Sudoku.Gdip\Sudoku.Gdip.csproj", "{4BAD4F36-80B6-4D6E-AFA9-05164A023BF4}"
EndProject
Project("{9A19103F-16F7-4668-BE54-9A1E7A4F7556}") = "Sudoku.Analytics", "src\Sudoku.Analytics\Sudoku.Analytics.csproj", "{D188748E-0794-445F-AAE5-08F3874FDF26}"
EndProject
Project("{9A19103F-16F7-4668-BE54-9A1E7A4F7556}") = "Sudoku.SourceGeneration", "src\Sudoku.SourceGeneration\Sudoku.SourceGeneration.csproj", "{3DEF7C11-4726-4CC9-B31C-79B10D689F16}"
EndProject
Project("{9A19103F-16F7-4668-BE54-9A1E7A4F7556}") = "RootLevelSourceGeneration", "src\RootLevelSourceGeneration\RootLevelSourceGeneration.csproj", "{971E9510-5D09-44A3-9689-5B44A500DF08}"
EndProject
Project("{9A19103F-16F7-4668-BE54-9A1E7A4F7556}") = "SudokuStudio", "src\SudokuStudio\SudokuStudio.csproj", "{88EAFE6C-050B-4F43-B768-0C564D48CC3E}"
EndProject
Project("{2150E333-8FDC-42A3-9474-1A3956D46DE8}") = "Miscellaneous", "Miscellaneous", "{984A4BA8-BFA8-40DE-9C1E-E9FE2D765282}"
	ProjectSection(SolutionItems) = preProject
		.editorconfig = .editorconfig
		.filenesting.json = .filenesting.json
		Directory.Build.props = Directory.Build.props
		global-doc-comments.xml = global-doc-comments.xml
		misspelling-exclusion.dic = misspelling-exclusion.dic
		NuGet.config = NuGet.config
	EndProjectSection
EndProject
Project("{9A19103F-16F7-4668-BE54-9A1E7A4F7556}") = "MyPrivateWorks", "src\ConsoleTest\MyPrivateWorks.csproj", "{8870D44F-0973-4315-AFAE-B4220F3D6DB6}"
EndProject
Project("{9A19103F-16F7-4668-BE54-9A1E7A4F7556}") = "Sudoku.Logging", "src\Sudoku.Logging\Sudoku.Logging.csproj", "{17CD26A5-FCFF-4D63-AFD1-7AA390461B19}"
EndProject
Project("{9A19103F-16F7-4668-BE54-9A1E7A4F7556}") = "Sudoku.Recognition.Imaging", "src\Sudoku.Recognition.Imaging\Sudoku.Recognition.Imaging.csproj", "{FCA37794-B4D0-43BD-87C9-9F1B597E339B}"
EndProject
Project("{9A19103F-16F7-4668-BE54-9A1E7A4F7556}") = "SudokuStudio.SourceGeneration", "src\SudokuStudio.SourceGeneration\SudokuStudio.SourceGeneration.csproj", "{AB156C6F-56B1-4DF4-B69B-5C24BB6C75D0}"
EndProject
Project("{2150E333-8FDC-42A3-9474-1A3956D46DE8}") = "Source Generators", "Source Generators", "{46337DBB-9B25-4B23-B7A8-1873A1522B04}"
EndProject
Project("{9A19103F-16F7-4668-BE54-9A1E7A4F7556}") = "Sudoku.Analytics.SourceGeneration", "src\Sudoku.Analytics.SourceGeneration\Sudoku.Analytics.SourceGeneration.csproj", "{96AF1563-223A-4A39-B8F9-13BBA15A4ADE}"
EndProject
Project("{2150E333-8FDC-42A3-9474-1A3956D46DE8}") = "Miscellanous", "Miscellanous", "{A6A3704E-5606-423F-BF3C-771BFFAA70AA}"
	ProjectSection(SolutionItems) = preProject
		intro-misc-folder.txt = intro-misc-folder.txt
	EndProjectSection
EndProject
Project("{8BC9CEB8-8B4A-11D0-8D11-00A0C91BC942}") = "Gsf.MinLex", "src\Gsf.MinLex\Gsf.MinLex.vcxproj", "{6690634D-6BC2-4332-97E9-8AD49E60457B}"
EndProject
Project("{8BC9CEB8-8B4A-11D0-8D11-00A0C91BC942}") = "Jcz.Solve", "src\Jcz.Solve\Jcz.Solve.vcxproj", "{8866BA66-2820-470C-957A-7883BE65DF96}"
EndProject
Global
	GlobalSection(SolutionConfigurationPlatforms) = preSolution
		Build|Any CPU = Build|Any CPU
		Build|ARM = Build|ARM
		Build|ARM64 = Build|ARM64
		Build|x64 = Build|x64
		Build|x86 = Build|x86
		Debug|Any CPU = Debug|Any CPU
		Debug|ARM = Debug|ARM
		Debug|ARM64 = Debug|ARM64
		Debug|x64 = Debug|x64
		Debug|x86 = Debug|x86
		Release|Any CPU = Release|Any CPU
		Release|ARM = Release|ARM
		Release|ARM64 = Release|ARM64
		Release|x64 = Release|x64
		Release|x86 = Release|x86
	EndGlobalSection
	GlobalSection(ProjectConfigurationPlatforms) = postSolution
		{FCD247BE-77B3-4091-BDB5-1EEB768938B7}.Build|Any CPU.ActiveCfg = Release|Any CPU
		{FCD247BE-77B3-4091-BDB5-1EEB768938B7}.Build|Any CPU.Build.0 = Release|Any CPU
		{FCD247BE-77B3-4091-BDB5-1EEB768938B7}.Build|ARM.ActiveCfg = Release|Any CPU
		{FCD247BE-77B3-4091-BDB5-1EEB768938B7}.Build|ARM.Build.0 = Release|Any CPU
		{FCD247BE-77B3-4091-BDB5-1EEB768938B7}.Build|ARM64.ActiveCfg = Release|Any CPU
		{FCD247BE-77B3-4091-BDB5-1EEB768938B7}.Build|ARM64.Build.0 = Release|Any CPU
		{FCD247BE-77B3-4091-BDB5-1EEB768938B7}.Build|x64.ActiveCfg = Release|Any CPU
		{FCD247BE-77B3-4091-BDB5-1EEB768938B7}.Build|x64.Build.0 = Release|Any CPU
		{FCD247BE-77B3-4091-BDB5-1EEB768938B7}.Build|x86.ActiveCfg = Release|Any CPU
		{FCD247BE-77B3-4091-BDB5-1EEB768938B7}.Build|x86.Build.0 = Release|Any CPU
		{FCD247BE-77B3-4091-BDB5-1EEB768938B7}.Debug|Any CPU.ActiveCfg = Debug|Any CPU
		{FCD247BE-77B3-4091-BDB5-1EEB768938B7}.Debug|Any CPU.Build.0 = Debug|Any CPU
		{FCD247BE-77B3-4091-BDB5-1EEB768938B7}.Debug|ARM.ActiveCfg = Debug|Any CPU
		{FCD247BE-77B3-4091-BDB5-1EEB768938B7}.Debug|ARM.Build.0 = Debug|Any CPU
		{FCD247BE-77B3-4091-BDB5-1EEB768938B7}.Debug|ARM64.ActiveCfg = Debug|Any CPU
		{FCD247BE-77B3-4091-BDB5-1EEB768938B7}.Debug|ARM64.Build.0 = Debug|Any CPU
		{FCD247BE-77B3-4091-BDB5-1EEB768938B7}.Debug|x64.ActiveCfg = Debug|Any CPU
		{FCD247BE-77B3-4091-BDB5-1EEB768938B7}.Debug|x64.Build.0 = Debug|Any CPU
		{FCD247BE-77B3-4091-BDB5-1EEB768938B7}.Debug|x86.ActiveCfg = Debug|Any CPU
		{FCD247BE-77B3-4091-BDB5-1EEB768938B7}.Debug|x86.Build.0 = Debug|Any CPU
		{FCD247BE-77B3-4091-BDB5-1EEB768938B7}.Release|Any CPU.ActiveCfg = Release|Any CPU
		{FCD247BE-77B3-4091-BDB5-1EEB768938B7}.Release|Any CPU.Build.0 = Release|Any CPU
		{FCD247BE-77B3-4091-BDB5-1EEB768938B7}.Release|ARM.ActiveCfg = Release|Any CPU
		{FCD247BE-77B3-4091-BDB5-1EEB768938B7}.Release|ARM.Build.0 = Release|Any CPU
		{FCD247BE-77B3-4091-BDB5-1EEB768938B7}.Release|ARM64.ActiveCfg = Release|Any CPU
		{FCD247BE-77B3-4091-BDB5-1EEB768938B7}.Release|ARM64.Build.0 = Release|Any CPU
		{FCD247BE-77B3-4091-BDB5-1EEB768938B7}.Release|x64.ActiveCfg = Release|Any CPU
		{FCD247BE-77B3-4091-BDB5-1EEB768938B7}.Release|x64.Build.0 = Release|Any CPU
		{FCD247BE-77B3-4091-BDB5-1EEB768938B7}.Release|x86.ActiveCfg = Release|Any CPU
		{FCD247BE-77B3-4091-BDB5-1EEB768938B7}.Release|x86.Build.0 = Release|Any CPU
		{5BF11834-ABCF-4BB8-BFA2-17B072D56A2C}.Build|Any CPU.ActiveCfg = Release|Any CPU
		{5BF11834-ABCF-4BB8-BFA2-17B072D56A2C}.Build|Any CPU.Build.0 = Release|Any CPU
		{5BF11834-ABCF-4BB8-BFA2-17B072D56A2C}.Build|ARM.ActiveCfg = Release|Any CPU
		{5BF11834-ABCF-4BB8-BFA2-17B072D56A2C}.Build|ARM.Build.0 = Release|Any CPU
		{5BF11834-ABCF-4BB8-BFA2-17B072D56A2C}.Build|ARM64.ActiveCfg = Release|Any CPU
		{5BF11834-ABCF-4BB8-BFA2-17B072D56A2C}.Build|ARM64.Build.0 = Release|Any CPU
		{5BF11834-ABCF-4BB8-BFA2-17B072D56A2C}.Build|x64.ActiveCfg = Release|Any CPU
		{5BF11834-ABCF-4BB8-BFA2-17B072D56A2C}.Build|x64.Build.0 = Release|Any CPU
		{5BF11834-ABCF-4BB8-BFA2-17B072D56A2C}.Build|x86.ActiveCfg = Release|Any CPU
		{5BF11834-ABCF-4BB8-BFA2-17B072D56A2C}.Build|x86.Build.0 = Release|Any CPU
		{5BF11834-ABCF-4BB8-BFA2-17B072D56A2C}.Debug|Any CPU.ActiveCfg = Debug|Any CPU
		{5BF11834-ABCF-4BB8-BFA2-17B072D56A2C}.Debug|Any CPU.Build.0 = Debug|Any CPU
		{5BF11834-ABCF-4BB8-BFA2-17B072D56A2C}.Debug|ARM.ActiveCfg = Debug|Any CPU
		{5BF11834-ABCF-4BB8-BFA2-17B072D56A2C}.Debug|ARM.Build.0 = Debug|Any CPU
		{5BF11834-ABCF-4BB8-BFA2-17B072D56A2C}.Debug|ARM64.ActiveCfg = Debug|Any CPU
		{5BF11834-ABCF-4BB8-BFA2-17B072D56A2C}.Debug|ARM64.Build.0 = Debug|Any CPU
		{5BF11834-ABCF-4BB8-BFA2-17B072D56A2C}.Debug|x64.ActiveCfg = Debug|Any CPU
		{5BF11834-ABCF-4BB8-BFA2-17B072D56A2C}.Debug|x64.Build.0 = Debug|Any CPU
		{5BF11834-ABCF-4BB8-BFA2-17B072D56A2C}.Debug|x86.ActiveCfg = Debug|Any CPU
		{5BF11834-ABCF-4BB8-BFA2-17B072D56A2C}.Debug|x86.Build.0 = Debug|Any CPU
		{5BF11834-ABCF-4BB8-BFA2-17B072D56A2C}.Release|Any CPU.ActiveCfg = Release|Any CPU
		{5BF11834-ABCF-4BB8-BFA2-17B072D56A2C}.Release|Any CPU.Build.0 = Release|Any CPU
		{5BF11834-ABCF-4BB8-BFA2-17B072D56A2C}.Release|ARM.ActiveCfg = Release|Any CPU
		{5BF11834-ABCF-4BB8-BFA2-17B072D56A2C}.Release|ARM.Build.0 = Release|Any CPU
		{5BF11834-ABCF-4BB8-BFA2-17B072D56A2C}.Release|ARM64.ActiveCfg = Release|Any CPU
		{5BF11834-ABCF-4BB8-BFA2-17B072D56A2C}.Release|ARM64.Build.0 = Release|Any CPU
		{5BF11834-ABCF-4BB8-BFA2-17B072D56A2C}.Release|x64.ActiveCfg = Release|Any CPU
		{5BF11834-ABCF-4BB8-BFA2-17B072D56A2C}.Release|x64.Build.0 = Release|Any CPU
		{5BF11834-ABCF-4BB8-BFA2-17B072D56A2C}.Release|x86.ActiveCfg = Release|Any CPU
		{5BF11834-ABCF-4BB8-BFA2-17B072D56A2C}.Release|x86.Build.0 = Release|Any CPU
		{4BAD4F36-80B6-4D6E-AFA9-05164A023BF4}.Build|Any CPU.ActiveCfg = Debug|Any CPU
		{4BAD4F36-80B6-4D6E-AFA9-05164A023BF4}.Build|Any CPU.Build.0 = Debug|Any CPU
		{4BAD4F36-80B6-4D6E-AFA9-05164A023BF4}.Build|ARM.ActiveCfg = Debug|Any CPU
		{4BAD4F36-80B6-4D6E-AFA9-05164A023BF4}.Build|ARM.Build.0 = Debug|Any CPU
		{4BAD4F36-80B6-4D6E-AFA9-05164A023BF4}.Build|ARM64.ActiveCfg = Debug|Any CPU
		{4BAD4F36-80B6-4D6E-AFA9-05164A023BF4}.Build|ARM64.Build.0 = Debug|Any CPU
		{4BAD4F36-80B6-4D6E-AFA9-05164A023BF4}.Build|x64.ActiveCfg = Debug|Any CPU
		{4BAD4F36-80B6-4D6E-AFA9-05164A023BF4}.Build|x64.Build.0 = Debug|Any CPU
		{4BAD4F36-80B6-4D6E-AFA9-05164A023BF4}.Build|x86.ActiveCfg = Debug|Any CPU
		{4BAD4F36-80B6-4D6E-AFA9-05164A023BF4}.Build|x86.Build.0 = Debug|Any CPU
		{4BAD4F36-80B6-4D6E-AFA9-05164A023BF4}.Debug|Any CPU.ActiveCfg = Debug|Any CPU
		{4BAD4F36-80B6-4D6E-AFA9-05164A023BF4}.Debug|Any CPU.Build.0 = Debug|Any CPU
		{4BAD4F36-80B6-4D6E-AFA9-05164A023BF4}.Debug|ARM.ActiveCfg = Debug|Any CPU
		{4BAD4F36-80B6-4D6E-AFA9-05164A023BF4}.Debug|ARM.Build.0 = Debug|Any CPU
		{4BAD4F36-80B6-4D6E-AFA9-05164A023BF4}.Debug|ARM64.ActiveCfg = Debug|Any CPU
		{4BAD4F36-80B6-4D6E-AFA9-05164A023BF4}.Debug|ARM64.Build.0 = Debug|Any CPU
		{4BAD4F36-80B6-4D6E-AFA9-05164A023BF4}.Debug|x64.ActiveCfg = Debug|Any CPU
		{4BAD4F36-80B6-4D6E-AFA9-05164A023BF4}.Debug|x64.Build.0 = Debug|Any CPU
		{4BAD4F36-80B6-4D6E-AFA9-05164A023BF4}.Debug|x86.ActiveCfg = Debug|Any CPU
		{4BAD4F36-80B6-4D6E-AFA9-05164A023BF4}.Debug|x86.Build.0 = Debug|Any CPU
		{4BAD4F36-80B6-4D6E-AFA9-05164A023BF4}.Release|Any CPU.ActiveCfg = Release|Any CPU
		{4BAD4F36-80B6-4D6E-AFA9-05164A023BF4}.Release|Any CPU.Build.0 = Release|Any CPU
		{4BAD4F36-80B6-4D6E-AFA9-05164A023BF4}.Release|ARM.ActiveCfg = Release|Any CPU
		{4BAD4F36-80B6-4D6E-AFA9-05164A023BF4}.Release|ARM.Build.0 = Release|Any CPU
		{4BAD4F36-80B6-4D6E-AFA9-05164A023BF4}.Release|ARM64.ActiveCfg = Release|Any CPU
		{4BAD4F36-80B6-4D6E-AFA9-05164A023BF4}.Release|ARM64.Build.0 = Release|Any CPU
		{4BAD4F36-80B6-4D6E-AFA9-05164A023BF4}.Release|x64.ActiveCfg = Release|Any CPU
		{4BAD4F36-80B6-4D6E-AFA9-05164A023BF4}.Release|x64.Build.0 = Release|Any CPU
		{4BAD4F36-80B6-4D6E-AFA9-05164A023BF4}.Release|x86.ActiveCfg = Release|Any CPU
		{4BAD4F36-80B6-4D6E-AFA9-05164A023BF4}.Release|x86.Build.0 = Release|Any CPU
		{D188748E-0794-445F-AAE5-08F3874FDF26}.Build|Any CPU.ActiveCfg = Debug|Any CPU
		{D188748E-0794-445F-AAE5-08F3874FDF26}.Build|Any CPU.Build.0 = Debug|Any CPU
		{D188748E-0794-445F-AAE5-08F3874FDF26}.Build|ARM.ActiveCfg = Debug|Any CPU
		{D188748E-0794-445F-AAE5-08F3874FDF26}.Build|ARM.Build.0 = Debug|Any CPU
		{D188748E-0794-445F-AAE5-08F3874FDF26}.Build|ARM64.ActiveCfg = Debug|Any CPU
		{D188748E-0794-445F-AAE5-08F3874FDF26}.Build|ARM64.Build.0 = Debug|Any CPU
		{D188748E-0794-445F-AAE5-08F3874FDF26}.Build|x64.ActiveCfg = Debug|Any CPU
		{D188748E-0794-445F-AAE5-08F3874FDF26}.Build|x64.Build.0 = Debug|Any CPU
		{D188748E-0794-445F-AAE5-08F3874FDF26}.Build|x86.ActiveCfg = Debug|Any CPU
		{D188748E-0794-445F-AAE5-08F3874FDF26}.Build|x86.Build.0 = Debug|Any CPU
		{D188748E-0794-445F-AAE5-08F3874FDF26}.Debug|Any CPU.ActiveCfg = Debug|Any CPU
		{D188748E-0794-445F-AAE5-08F3874FDF26}.Debug|Any CPU.Build.0 = Debug|Any CPU
		{D188748E-0794-445F-AAE5-08F3874FDF26}.Debug|ARM.ActiveCfg = Debug|Any CPU
		{D188748E-0794-445F-AAE5-08F3874FDF26}.Debug|ARM.Build.0 = Debug|Any CPU
		{D188748E-0794-445F-AAE5-08F3874FDF26}.Debug|ARM64.ActiveCfg = Debug|Any CPU
		{D188748E-0794-445F-AAE5-08F3874FDF26}.Debug|ARM64.Build.0 = Debug|Any CPU
		{D188748E-0794-445F-AAE5-08F3874FDF26}.Debug|x64.ActiveCfg = Debug|Any CPU
		{D188748E-0794-445F-AAE5-08F3874FDF26}.Debug|x64.Build.0 = Debug|Any CPU
		{D188748E-0794-445F-AAE5-08F3874FDF26}.Debug|x86.ActiveCfg = Debug|Any CPU
		{D188748E-0794-445F-AAE5-08F3874FDF26}.Debug|x86.Build.0 = Debug|Any CPU
		{D188748E-0794-445F-AAE5-08F3874FDF26}.Release|Any CPU.ActiveCfg = Release|Any CPU
		{D188748E-0794-445F-AAE5-08F3874FDF26}.Release|Any CPU.Build.0 = Release|Any CPU
		{D188748E-0794-445F-AAE5-08F3874FDF26}.Release|ARM.ActiveCfg = Release|Any CPU
		{D188748E-0794-445F-AAE5-08F3874FDF26}.Release|ARM.Build.0 = Release|Any CPU
		{D188748E-0794-445F-AAE5-08F3874FDF26}.Release|ARM64.ActiveCfg = Release|Any CPU
		{D188748E-0794-445F-AAE5-08F3874FDF26}.Release|ARM64.Build.0 = Release|Any CPU
		{D188748E-0794-445F-AAE5-08F3874FDF26}.Release|x64.ActiveCfg = Release|Any CPU
		{D188748E-0794-445F-AAE5-08F3874FDF26}.Release|x64.Build.0 = Release|Any CPU
		{D188748E-0794-445F-AAE5-08F3874FDF26}.Release|x86.ActiveCfg = Release|Any CPU
		{D188748E-0794-445F-AAE5-08F3874FDF26}.Release|x86.Build.0 = Release|Any CPU
		{3DEF7C11-4726-4CC9-B31C-79B10D689F16}.Build|Any CPU.ActiveCfg = Debug|Any CPU
		{3DEF7C11-4726-4CC9-B31C-79B10D689F16}.Build|Any CPU.Build.0 = Debug|Any CPU
		{3DEF7C11-4726-4CC9-B31C-79B10D689F16}.Build|ARM.ActiveCfg = Debug|Any CPU
		{3DEF7C11-4726-4CC9-B31C-79B10D689F16}.Build|ARM.Build.0 = Debug|Any CPU
		{3DEF7C11-4726-4CC9-B31C-79B10D689F16}.Build|ARM64.ActiveCfg = Debug|Any CPU
		{3DEF7C11-4726-4CC9-B31C-79B10D689F16}.Build|ARM64.Build.0 = Debug|Any CPU
		{3DEF7C11-4726-4CC9-B31C-79B10D689F16}.Build|x64.ActiveCfg = Debug|Any CPU
		{3DEF7C11-4726-4CC9-B31C-79B10D689F16}.Build|x64.Build.0 = Debug|Any CPU
		{3DEF7C11-4726-4CC9-B31C-79B10D689F16}.Build|x86.ActiveCfg = Debug|Any CPU
		{3DEF7C11-4726-4CC9-B31C-79B10D689F16}.Build|x86.Build.0 = Debug|Any CPU
		{3DEF7C11-4726-4CC9-B31C-79B10D689F16}.Debug|Any CPU.ActiveCfg = Debug|Any CPU
		{3DEF7C11-4726-4CC9-B31C-79B10D689F16}.Debug|Any CPU.Build.0 = Debug|Any CPU
		{3DEF7C11-4726-4CC9-B31C-79B10D689F16}.Debug|ARM.ActiveCfg = Debug|Any CPU
		{3DEF7C11-4726-4CC9-B31C-79B10D689F16}.Debug|ARM.Build.0 = Debug|Any CPU
		{3DEF7C11-4726-4CC9-B31C-79B10D689F16}.Debug|ARM64.ActiveCfg = Debug|Any CPU
		{3DEF7C11-4726-4CC9-B31C-79B10D689F16}.Debug|ARM64.Build.0 = Debug|Any CPU
		{3DEF7C11-4726-4CC9-B31C-79B10D689F16}.Debug|x64.ActiveCfg = Debug|Any CPU
		{3DEF7C11-4726-4CC9-B31C-79B10D689F16}.Debug|x64.Build.0 = Debug|Any CPU
		{3DEF7C11-4726-4CC9-B31C-79B10D689F16}.Debug|x86.ActiveCfg = Debug|Any CPU
		{3DEF7C11-4726-4CC9-B31C-79B10D689F16}.Debug|x86.Build.0 = Debug|Any CPU
		{3DEF7C11-4726-4CC9-B31C-79B10D689F16}.Release|Any CPU.ActiveCfg = Release|Any CPU
		{3DEF7C11-4726-4CC9-B31C-79B10D689F16}.Release|Any CPU.Build.0 = Release|Any CPU
		{3DEF7C11-4726-4CC9-B31C-79B10D689F16}.Release|ARM.ActiveCfg = Release|Any CPU
		{3DEF7C11-4726-4CC9-B31C-79B10D689F16}.Release|ARM.Build.0 = Release|Any CPU
		{3DEF7C11-4726-4CC9-B31C-79B10D689F16}.Release|ARM64.ActiveCfg = Release|Any CPU
		{3DEF7C11-4726-4CC9-B31C-79B10D689F16}.Release|ARM64.Build.0 = Release|Any CPU
		{3DEF7C11-4726-4CC9-B31C-79B10D689F16}.Release|x64.ActiveCfg = Release|Any CPU
		{3DEF7C11-4726-4CC9-B31C-79B10D689F16}.Release|x64.Build.0 = Release|Any CPU
		{3DEF7C11-4726-4CC9-B31C-79B10D689F16}.Release|x86.ActiveCfg = Release|Any CPU
		{3DEF7C11-4726-4CC9-B31C-79B10D689F16}.Release|x86.Build.0 = Release|Any CPU
		{971E9510-5D09-44A3-9689-5B44A500DF08}.Build|Any CPU.ActiveCfg = Debug|Any CPU
		{971E9510-5D09-44A3-9689-5B44A500DF08}.Build|Any CPU.Build.0 = Debug|Any CPU
		{971E9510-5D09-44A3-9689-5B44A500DF08}.Build|ARM.ActiveCfg = Debug|Any CPU
		{971E9510-5D09-44A3-9689-5B44A500DF08}.Build|ARM.Build.0 = Debug|Any CPU
		{971E9510-5D09-44A3-9689-5B44A500DF08}.Build|ARM64.ActiveCfg = Debug|Any CPU
		{971E9510-5D09-44A3-9689-5B44A500DF08}.Build|ARM64.Build.0 = Debug|Any CPU
		{971E9510-5D09-44A3-9689-5B44A500DF08}.Build|x64.ActiveCfg = Debug|Any CPU
		{971E9510-5D09-44A3-9689-5B44A500DF08}.Build|x64.Build.0 = Debug|Any CPU
		{971E9510-5D09-44A3-9689-5B44A500DF08}.Build|x86.ActiveCfg = Debug|Any CPU
		{971E9510-5D09-44A3-9689-5B44A500DF08}.Build|x86.Build.0 = Debug|Any CPU
		{971E9510-5D09-44A3-9689-5B44A500DF08}.Debug|Any CPU.ActiveCfg = Debug|Any CPU
		{971E9510-5D09-44A3-9689-5B44A500DF08}.Debug|Any CPU.Build.0 = Debug|Any CPU
		{971E9510-5D09-44A3-9689-5B44A500DF08}.Debug|ARM.ActiveCfg = Debug|Any CPU
		{971E9510-5D09-44A3-9689-5B44A500DF08}.Debug|ARM.Build.0 = Debug|Any CPU
		{971E9510-5D09-44A3-9689-5B44A500DF08}.Debug|ARM64.ActiveCfg = Debug|Any CPU
		{971E9510-5D09-44A3-9689-5B44A500DF08}.Debug|ARM64.Build.0 = Debug|Any CPU
		{971E9510-5D09-44A3-9689-5B44A500DF08}.Debug|x64.ActiveCfg = Debug|Any CPU
		{971E9510-5D09-44A3-9689-5B44A500DF08}.Debug|x64.Build.0 = Debug|Any CPU
		{971E9510-5D09-44A3-9689-5B44A500DF08}.Debug|x86.ActiveCfg = Debug|Any CPU
		{971E9510-5D09-44A3-9689-5B44A500DF08}.Debug|x86.Build.0 = Debug|Any CPU
		{971E9510-5D09-44A3-9689-5B44A500DF08}.Release|Any CPU.ActiveCfg = Release|Any CPU
		{971E9510-5D09-44A3-9689-5B44A500DF08}.Release|Any CPU.Build.0 = Release|Any CPU
		{971E9510-5D09-44A3-9689-5B44A500DF08}.Release|ARM.ActiveCfg = Release|Any CPU
		{971E9510-5D09-44A3-9689-5B44A500DF08}.Release|ARM.Build.0 = Release|Any CPU
		{971E9510-5D09-44A3-9689-5B44A500DF08}.Release|ARM64.ActiveCfg = Release|Any CPU
		{971E9510-5D09-44A3-9689-5B44A500DF08}.Release|ARM64.Build.0 = Release|Any CPU
		{971E9510-5D09-44A3-9689-5B44A500DF08}.Release|x64.ActiveCfg = Release|Any CPU
		{971E9510-5D09-44A3-9689-5B44A500DF08}.Release|x64.Build.0 = Release|Any CPU
		{971E9510-5D09-44A3-9689-5B44A500DF08}.Release|x86.ActiveCfg = Release|Any CPU
		{971E9510-5D09-44A3-9689-5B44A500DF08}.Release|x86.Build.0 = Release|Any CPU
		{88EAFE6C-050B-4F43-B768-0C564D48CC3E}.Build|Any CPU.ActiveCfg = Debug|x64
		{88EAFE6C-050B-4F43-B768-0C564D48CC3E}.Build|Any CPU.Build.0 = Debug|x64
		{88EAFE6C-050B-4F43-B768-0C564D48CC3E}.Build|Any CPU.Deploy.0 = Debug|x64
		{88EAFE6C-050B-4F43-B768-0C564D48CC3E}.Build|ARM.ActiveCfg = Debug|x64
		{88EAFE6C-050B-4F43-B768-0C564D48CC3E}.Build|ARM.Build.0 = Debug|x64
		{88EAFE6C-050B-4F43-B768-0C564D48CC3E}.Build|ARM.Deploy.0 = Debug|x64
		{88EAFE6C-050B-4F43-B768-0C564D48CC3E}.Build|ARM64.ActiveCfg = Debug|ARM64
		{88EAFE6C-050B-4F43-B768-0C564D48CC3E}.Build|ARM64.Build.0 = Debug|ARM64
		{88EAFE6C-050B-4F43-B768-0C564D48CC3E}.Build|ARM64.Deploy.0 = Debug|ARM64
		{88EAFE6C-050B-4F43-B768-0C564D48CC3E}.Build|x64.ActiveCfg = Debug|x64
		{88EAFE6C-050B-4F43-B768-0C564D48CC3E}.Build|x64.Build.0 = Debug|x64
		{88EAFE6C-050B-4F43-B768-0C564D48CC3E}.Build|x64.Deploy.0 = Debug|x64
		{88EAFE6C-050B-4F43-B768-0C564D48CC3E}.Build|x86.ActiveCfg = Debug|x86
		{88EAFE6C-050B-4F43-B768-0C564D48CC3E}.Build|x86.Build.0 = Debug|x86
		{88EAFE6C-050B-4F43-B768-0C564D48CC3E}.Build|x86.Deploy.0 = Debug|x86
		{88EAFE6C-050B-4F43-B768-0C564D48CC3E}.Debug|Any CPU.ActiveCfg = Debug|x64
		{88EAFE6C-050B-4F43-B768-0C564D48CC3E}.Debug|Any CPU.Build.0 = Debug|x64
		{88EAFE6C-050B-4F43-B768-0C564D48CC3E}.Debug|Any CPU.Deploy.0 = Debug|x64
		{88EAFE6C-050B-4F43-B768-0C564D48CC3E}.Debug|ARM.ActiveCfg = Debug|x64
		{88EAFE6C-050B-4F43-B768-0C564D48CC3E}.Debug|ARM.Build.0 = Debug|x64
		{88EAFE6C-050B-4F43-B768-0C564D48CC3E}.Debug|ARM.Deploy.0 = Debug|x64
		{88EAFE6C-050B-4F43-B768-0C564D48CC3E}.Debug|ARM64.ActiveCfg = Debug|ARM64
		{88EAFE6C-050B-4F43-B768-0C564D48CC3E}.Debug|ARM64.Build.0 = Debug|ARM64
		{88EAFE6C-050B-4F43-B768-0C564D48CC3E}.Debug|ARM64.Deploy.0 = Debug|ARM64
		{88EAFE6C-050B-4F43-B768-0C564D48CC3E}.Debug|x64.ActiveCfg = Debug|x64
		{88EAFE6C-050B-4F43-B768-0C564D48CC3E}.Debug|x64.Build.0 = Debug|x64
		{88EAFE6C-050B-4F43-B768-0C564D48CC3E}.Debug|x64.Deploy.0 = Debug|x64
		{88EAFE6C-050B-4F43-B768-0C564D48CC3E}.Debug|x86.ActiveCfg = Debug|x86
		{88EAFE6C-050B-4F43-B768-0C564D48CC3E}.Debug|x86.Build.0 = Debug|x86
		{88EAFE6C-050B-4F43-B768-0C564D48CC3E}.Debug|x86.Deploy.0 = Debug|x86
		{88EAFE6C-050B-4F43-B768-0C564D48CC3E}.Release|Any CPU.ActiveCfg = Release|x64
		{88EAFE6C-050B-4F43-B768-0C564D48CC3E}.Release|Any CPU.Build.0 = Release|x64
		{88EAFE6C-050B-4F43-B768-0C564D48CC3E}.Release|Any CPU.Deploy.0 = Release|x64
		{88EAFE6C-050B-4F43-B768-0C564D48CC3E}.Release|ARM.ActiveCfg = Release|x64
		{88EAFE6C-050B-4F43-B768-0C564D48CC3E}.Release|ARM.Build.0 = Release|x64
		{88EAFE6C-050B-4F43-B768-0C564D48CC3E}.Release|ARM.Deploy.0 = Release|x64
		{88EAFE6C-050B-4F43-B768-0C564D48CC3E}.Release|ARM64.ActiveCfg = Release|ARM64
		{88EAFE6C-050B-4F43-B768-0C564D48CC3E}.Release|ARM64.Build.0 = Release|ARM64
		{88EAFE6C-050B-4F43-B768-0C564D48CC3E}.Release|ARM64.Deploy.0 = Release|ARM64
		{88EAFE6C-050B-4F43-B768-0C564D48CC3E}.Release|x64.ActiveCfg = Release|x64
		{88EAFE6C-050B-4F43-B768-0C564D48CC3E}.Release|x64.Build.0 = Release|x64
		{88EAFE6C-050B-4F43-B768-0C564D48CC3E}.Release|x64.Deploy.0 = Release|x64
		{88EAFE6C-050B-4F43-B768-0C564D48CC3E}.Release|x86.ActiveCfg = Release|x86
		{88EAFE6C-050B-4F43-B768-0C564D48CC3E}.Release|x86.Build.0 = Release|x86
		{88EAFE6C-050B-4F43-B768-0C564D48CC3E}.Release|x86.Deploy.0 = Release|x86
		{8870D44F-0973-4315-AFAE-B4220F3D6DB6}.Build|Any CPU.ActiveCfg = Debug|Any CPU
		{8870D44F-0973-4315-AFAE-B4220F3D6DB6}.Build|Any CPU.Build.0 = Debug|Any CPU
		{8870D44F-0973-4315-AFAE-B4220F3D6DB6}.Build|ARM.ActiveCfg = Debug|Any CPU
		{8870D44F-0973-4315-AFAE-B4220F3D6DB6}.Build|ARM.Build.0 = Debug|Any CPU
		{8870D44F-0973-4315-AFAE-B4220F3D6DB6}.Build|ARM64.ActiveCfg = Debug|Any CPU
		{8870D44F-0973-4315-AFAE-B4220F3D6DB6}.Build|ARM64.Build.0 = Debug|Any CPU
		{8870D44F-0973-4315-AFAE-B4220F3D6DB6}.Build|x64.ActiveCfg = Debug|Any CPU
		{8870D44F-0973-4315-AFAE-B4220F3D6DB6}.Build|x64.Build.0 = Debug|Any CPU
		{8870D44F-0973-4315-AFAE-B4220F3D6DB6}.Build|x86.ActiveCfg = Debug|Any CPU
		{8870D44F-0973-4315-AFAE-B4220F3D6DB6}.Build|x86.Build.0 = Debug|Any CPU
		{8870D44F-0973-4315-AFAE-B4220F3D6DB6}.Debug|Any CPU.ActiveCfg = Debug|Any CPU
		{8870D44F-0973-4315-AFAE-B4220F3D6DB6}.Debug|Any CPU.Build.0 = Debug|Any CPU
		{8870D44F-0973-4315-AFAE-B4220F3D6DB6}.Debug|ARM.ActiveCfg = Debug|Any CPU
		{8870D44F-0973-4315-AFAE-B4220F3D6DB6}.Debug|ARM.Build.0 = Debug|Any CPU
		{8870D44F-0973-4315-AFAE-B4220F3D6DB6}.Debug|ARM64.ActiveCfg = Debug|Any CPU
		{8870D44F-0973-4315-AFAE-B4220F3D6DB6}.Debug|ARM64.Build.0 = Debug|Any CPU
		{8870D44F-0973-4315-AFAE-B4220F3D6DB6}.Debug|x64.ActiveCfg = Debug|Any CPU
		{8870D44F-0973-4315-AFAE-B4220F3D6DB6}.Debug|x64.Build.0 = Debug|Any CPU
		{8870D44F-0973-4315-AFAE-B4220F3D6DB6}.Debug|x86.ActiveCfg = Debug|Any CPU
		{8870D44F-0973-4315-AFAE-B4220F3D6DB6}.Debug|x86.Build.0 = Debug|Any CPU
		{8870D44F-0973-4315-AFAE-B4220F3D6DB6}.Release|Any CPU.ActiveCfg = Release|Any CPU
		{8870D44F-0973-4315-AFAE-B4220F3D6DB6}.Release|Any CPU.Build.0 = Release|Any CPU
		{8870D44F-0973-4315-AFAE-B4220F3D6DB6}.Release|ARM.ActiveCfg = Release|Any CPU
		{8870D44F-0973-4315-AFAE-B4220F3D6DB6}.Release|ARM.Build.0 = Release|Any CPU
		{8870D44F-0973-4315-AFAE-B4220F3D6DB6}.Release|ARM64.ActiveCfg = Release|Any CPU
		{8870D44F-0973-4315-AFAE-B4220F3D6DB6}.Release|ARM64.Build.0 = Release|Any CPU
		{8870D44F-0973-4315-AFAE-B4220F3D6DB6}.Release|x64.ActiveCfg = Release|Any CPU
		{8870D44F-0973-4315-AFAE-B4220F3D6DB6}.Release|x64.Build.0 = Release|Any CPU
		{8870D44F-0973-4315-AFAE-B4220F3D6DB6}.Release|x86.ActiveCfg = Release|Any CPU
		{8870D44F-0973-4315-AFAE-B4220F3D6DB6}.Release|x86.Build.0 = Release|Any CPU
		{17CD26A5-FCFF-4D63-AFD1-7AA390461B19}.Build|Any CPU.ActiveCfg = Debug|Any CPU
		{17CD26A5-FCFF-4D63-AFD1-7AA390461B19}.Build|Any CPU.Build.0 = Debug|Any CPU
		{17CD26A5-FCFF-4D63-AFD1-7AA390461B19}.Build|ARM.ActiveCfg = Debug|Any CPU
		{17CD26A5-FCFF-4D63-AFD1-7AA390461B19}.Build|ARM.Build.0 = Debug|Any CPU
		{17CD26A5-FCFF-4D63-AFD1-7AA390461B19}.Build|ARM64.ActiveCfg = Debug|Any CPU
		{17CD26A5-FCFF-4D63-AFD1-7AA390461B19}.Build|ARM64.Build.0 = Debug|Any CPU
		{17CD26A5-FCFF-4D63-AFD1-7AA390461B19}.Build|x64.ActiveCfg = Debug|Any CPU
		{17CD26A5-FCFF-4D63-AFD1-7AA390461B19}.Build|x64.Build.0 = Debug|Any CPU
		{17CD26A5-FCFF-4D63-AFD1-7AA390461B19}.Build|x86.ActiveCfg = Debug|Any CPU
		{17CD26A5-FCFF-4D63-AFD1-7AA390461B19}.Build|x86.Build.0 = Debug|Any CPU
		{17CD26A5-FCFF-4D63-AFD1-7AA390461B19}.Debug|Any CPU.ActiveCfg = Debug|Any CPU
		{17CD26A5-FCFF-4D63-AFD1-7AA390461B19}.Debug|Any CPU.Build.0 = Debug|Any CPU
		{17CD26A5-FCFF-4D63-AFD1-7AA390461B19}.Debug|ARM.ActiveCfg = Debug|Any CPU
		{17CD26A5-FCFF-4D63-AFD1-7AA390461B19}.Debug|ARM.Build.0 = Debug|Any CPU
		{17CD26A5-FCFF-4D63-AFD1-7AA390461B19}.Debug|ARM64.ActiveCfg = Debug|Any CPU
		{17CD26A5-FCFF-4D63-AFD1-7AA390461B19}.Debug|ARM64.Build.0 = Debug|Any CPU
		{17CD26A5-FCFF-4D63-AFD1-7AA390461B19}.Debug|x64.ActiveCfg = Debug|Any CPU
		{17CD26A5-FCFF-4D63-AFD1-7AA390461B19}.Debug|x64.Build.0 = Debug|Any CPU
		{17CD26A5-FCFF-4D63-AFD1-7AA390461B19}.Debug|x86.ActiveCfg = Debug|Any CPU
		{17CD26A5-FCFF-4D63-AFD1-7AA390461B19}.Debug|x86.Build.0 = Debug|Any CPU
		{17CD26A5-FCFF-4D63-AFD1-7AA390461B19}.Release|Any CPU.ActiveCfg = Release|Any CPU
		{17CD26A5-FCFF-4D63-AFD1-7AA390461B19}.Release|Any CPU.Build.0 = Release|Any CPU
		{17CD26A5-FCFF-4D63-AFD1-7AA390461B19}.Release|ARM.ActiveCfg = Release|Any CPU
		{17CD26A5-FCFF-4D63-AFD1-7AA390461B19}.Release|ARM.Build.0 = Release|Any CPU
		{17CD26A5-FCFF-4D63-AFD1-7AA390461B19}.Release|ARM64.ActiveCfg = Release|Any CPU
		{17CD26A5-FCFF-4D63-AFD1-7AA390461B19}.Release|ARM64.Build.0 = Release|Any CPU
		{17CD26A5-FCFF-4D63-AFD1-7AA390461B19}.Release|x64.ActiveCfg = Release|Any CPU
		{17CD26A5-FCFF-4D63-AFD1-7AA390461B19}.Release|x64.Build.0 = Release|Any CPU
		{17CD26A5-FCFF-4D63-AFD1-7AA390461B19}.Release|x86.ActiveCfg = Release|Any CPU
		{17CD26A5-FCFF-4D63-AFD1-7AA390461B19}.Release|x86.Build.0 = Release|Any CPU
		{FCA37794-B4D0-43BD-87C9-9F1B597E339B}.Build|Any CPU.ActiveCfg = Debug|Any CPU
		{FCA37794-B4D0-43BD-87C9-9F1B597E339B}.Build|Any CPU.Build.0 = Debug|Any CPU
		{FCA37794-B4D0-43BD-87C9-9F1B597E339B}.Build|ARM.ActiveCfg = Debug|Any CPU
		{FCA37794-B4D0-43BD-87C9-9F1B597E339B}.Build|ARM.Build.0 = Debug|Any CPU
		{FCA37794-B4D0-43BD-87C9-9F1B597E339B}.Build|ARM64.ActiveCfg = Debug|Any CPU
		{FCA37794-B4D0-43BD-87C9-9F1B597E339B}.Build|ARM64.Build.0 = Debug|Any CPU
		{FCA37794-B4D0-43BD-87C9-9F1B597E339B}.Build|x64.ActiveCfg = Debug|Any CPU
		{FCA37794-B4D0-43BD-87C9-9F1B597E339B}.Build|x64.Build.0 = Debug|Any CPU
		{FCA37794-B4D0-43BD-87C9-9F1B597E339B}.Build|x86.ActiveCfg = Debug|Any CPU
		{FCA37794-B4D0-43BD-87C9-9F1B597E339B}.Build|x86.Build.0 = Debug|Any CPU
		{FCA37794-B4D0-43BD-87C9-9F1B597E339B}.Debug|Any CPU.ActiveCfg = Debug|Any CPU
		{FCA37794-B4D0-43BD-87C9-9F1B597E339B}.Debug|Any CPU.Build.0 = Debug|Any CPU
		{FCA37794-B4D0-43BD-87C9-9F1B597E339B}.Debug|ARM.ActiveCfg = Debug|Any CPU
		{FCA37794-B4D0-43BD-87C9-9F1B597E339B}.Debug|ARM.Build.0 = Debug|Any CPU
		{FCA37794-B4D0-43BD-87C9-9F1B597E339B}.Debug|ARM64.ActiveCfg = Debug|Any CPU
		{FCA37794-B4D0-43BD-87C9-9F1B597E339B}.Debug|ARM64.Build.0 = Debug|Any CPU
		{FCA37794-B4D0-43BD-87C9-9F1B597E339B}.Debug|x64.ActiveCfg = Debug|Any CPU
		{FCA37794-B4D0-43BD-87C9-9F1B597E339B}.Debug|x64.Build.0 = Debug|Any CPU
		{FCA37794-B4D0-43BD-87C9-9F1B597E339B}.Debug|x86.ActiveCfg = Debug|Any CPU
		{FCA37794-B4D0-43BD-87C9-9F1B597E339B}.Debug|x86.Build.0 = Debug|Any CPU
		{FCA37794-B4D0-43BD-87C9-9F1B597E339B}.Release|Any CPU.ActiveCfg = Release|Any CPU
		{FCA37794-B4D0-43BD-87C9-9F1B597E339B}.Release|Any CPU.Build.0 = Release|Any CPU
		{FCA37794-B4D0-43BD-87C9-9F1B597E339B}.Release|ARM.ActiveCfg = Release|Any CPU
		{FCA37794-B4D0-43BD-87C9-9F1B597E339B}.Release|ARM.Build.0 = Release|Any CPU
		{FCA37794-B4D0-43BD-87C9-9F1B597E339B}.Release|ARM64.ActiveCfg = Release|Any CPU
		{FCA37794-B4D0-43BD-87C9-9F1B597E339B}.Release|ARM64.Build.0 = Release|Any CPU
		{FCA37794-B4D0-43BD-87C9-9F1B597E339B}.Release|x64.ActiveCfg = Release|Any CPU
		{FCA37794-B4D0-43BD-87C9-9F1B597E339B}.Release|x64.Build.0 = Release|Any CPU
		{FCA37794-B4D0-43BD-87C9-9F1B597E339B}.Release|x86.ActiveCfg = Release|Any CPU
		{FCA37794-B4D0-43BD-87C9-9F1B597E339B}.Release|x86.Build.0 = Release|Any CPU
		{AB156C6F-56B1-4DF4-B69B-5C24BB6C75D0}.Build|Any CPU.ActiveCfg = Debug|Any CPU
		{AB156C6F-56B1-4DF4-B69B-5C24BB6C75D0}.Build|Any CPU.Build.0 = Debug|Any CPU
		{AB156C6F-56B1-4DF4-B69B-5C24BB6C75D0}.Build|ARM.ActiveCfg = Debug|Any CPU
		{AB156C6F-56B1-4DF4-B69B-5C24BB6C75D0}.Build|ARM.Build.0 = Debug|Any CPU
		{AB156C6F-56B1-4DF4-B69B-5C24BB6C75D0}.Build|ARM64.ActiveCfg = Debug|Any CPU
		{AB156C6F-56B1-4DF4-B69B-5C24BB6C75D0}.Build|ARM64.Build.0 = Debug|Any CPU
		{AB156C6F-56B1-4DF4-B69B-5C24BB6C75D0}.Build|x64.ActiveCfg = Debug|Any CPU
		{AB156C6F-56B1-4DF4-B69B-5C24BB6C75D0}.Build|x64.Build.0 = Debug|Any CPU
		{AB156C6F-56B1-4DF4-B69B-5C24BB6C75D0}.Build|x86.ActiveCfg = Debug|Any CPU
		{AB156C6F-56B1-4DF4-B69B-5C24BB6C75D0}.Build|x86.Build.0 = Debug|Any CPU
		{AB156C6F-56B1-4DF4-B69B-5C24BB6C75D0}.Debug|Any CPU.ActiveCfg = Debug|Any CPU
		{AB156C6F-56B1-4DF4-B69B-5C24BB6C75D0}.Debug|Any CPU.Build.0 = Debug|Any CPU
		{AB156C6F-56B1-4DF4-B69B-5C24BB6C75D0}.Debug|ARM.ActiveCfg = Debug|Any CPU
		{AB156C6F-56B1-4DF4-B69B-5C24BB6C75D0}.Debug|ARM.Build.0 = Debug|Any CPU
		{AB156C6F-56B1-4DF4-B69B-5C24BB6C75D0}.Debug|ARM64.ActiveCfg = Debug|Any CPU
		{AB156C6F-56B1-4DF4-B69B-5C24BB6C75D0}.Debug|ARM64.Build.0 = Debug|Any CPU
		{AB156C6F-56B1-4DF4-B69B-5C24BB6C75D0}.Debug|x64.ActiveCfg = Debug|Any CPU
		{AB156C6F-56B1-4DF4-B69B-5C24BB6C75D0}.Debug|x64.Build.0 = Debug|Any CPU
		{AB156C6F-56B1-4DF4-B69B-5C24BB6C75D0}.Debug|x86.ActiveCfg = Debug|Any CPU
		{AB156C6F-56B1-4DF4-B69B-5C24BB6C75D0}.Debug|x86.Build.0 = Debug|Any CPU
		{AB156C6F-56B1-4DF4-B69B-5C24BB6C75D0}.Release|Any CPU.ActiveCfg = Release|Any CPU
		{AB156C6F-56B1-4DF4-B69B-5C24BB6C75D0}.Release|Any CPU.Build.0 = Release|Any CPU
		{AB156C6F-56B1-4DF4-B69B-5C24BB6C75D0}.Release|ARM.ActiveCfg = Release|Any CPU
		{AB156C6F-56B1-4DF4-B69B-5C24BB6C75D0}.Release|ARM.Build.0 = Release|Any CPU
		{AB156C6F-56B1-4DF4-B69B-5C24BB6C75D0}.Release|ARM64.ActiveCfg = Release|Any CPU
		{AB156C6F-56B1-4DF4-B69B-5C24BB6C75D0}.Release|ARM64.Build.0 = Release|Any CPU
		{AB156C6F-56B1-4DF4-B69B-5C24BB6C75D0}.Release|x64.ActiveCfg = Release|Any CPU
		{AB156C6F-56B1-4DF4-B69B-5C24BB6C75D0}.Release|x64.Build.0 = Release|Any CPU
		{AB156C6F-56B1-4DF4-B69B-5C24BB6C75D0}.Release|x86.ActiveCfg = Release|Any CPU
		{AB156C6F-56B1-4DF4-B69B-5C24BB6C75D0}.Release|x86.Build.0 = Release|Any CPU
		{96AF1563-223A-4A39-B8F9-13BBA15A4ADE}.Build|Any CPU.ActiveCfg = Debug|Any CPU
		{96AF1563-223A-4A39-B8F9-13BBA15A4ADE}.Build|Any CPU.Build.0 = Debug|Any CPU
		{96AF1563-223A-4A39-B8F9-13BBA15A4ADE}.Build|ARM.ActiveCfg = Debug|Any CPU
		{96AF1563-223A-4A39-B8F9-13BBA15A4ADE}.Build|ARM.Build.0 = Debug|Any CPU
		{96AF1563-223A-4A39-B8F9-13BBA15A4ADE}.Build|ARM64.ActiveCfg = Debug|Any CPU
		{96AF1563-223A-4A39-B8F9-13BBA15A4ADE}.Build|ARM64.Build.0 = Debug|Any CPU
		{96AF1563-223A-4A39-B8F9-13BBA15A4ADE}.Build|x64.ActiveCfg = Debug|Any CPU
		{96AF1563-223A-4A39-B8F9-13BBA15A4ADE}.Build|x64.Build.0 = Debug|Any CPU
		{96AF1563-223A-4A39-B8F9-13BBA15A4ADE}.Build|x86.ActiveCfg = Debug|Any CPU
		{96AF1563-223A-4A39-B8F9-13BBA15A4ADE}.Build|x86.Build.0 = Debug|Any CPU
		{96AF1563-223A-4A39-B8F9-13BBA15A4ADE}.Debug|Any CPU.ActiveCfg = Debug|Any CPU
		{96AF1563-223A-4A39-B8F9-13BBA15A4ADE}.Debug|Any CPU.Build.0 = Debug|Any CPU
		{96AF1563-223A-4A39-B8F9-13BBA15A4ADE}.Debug|ARM.ActiveCfg = Debug|Any CPU
		{96AF1563-223A-4A39-B8F9-13BBA15A4ADE}.Debug|ARM.Build.0 = Debug|Any CPU
		{96AF1563-223A-4A39-B8F9-13BBA15A4ADE}.Debug|ARM64.ActiveCfg = Debug|Any CPU
		{96AF1563-223A-4A39-B8F9-13BBA15A4ADE}.Debug|ARM64.Build.0 = Debug|Any CPU
		{96AF1563-223A-4A39-B8F9-13BBA15A4ADE}.Debug|x64.ActiveCfg = Debug|Any CPU
		{96AF1563-223A-4A39-B8F9-13BBA15A4ADE}.Debug|x64.Build.0 = Debug|Any CPU
		{96AF1563-223A-4A39-B8F9-13BBA15A4ADE}.Debug|x86.ActiveCfg = Debug|Any CPU
		{96AF1563-223A-4A39-B8F9-13BBA15A4ADE}.Debug|x86.Build.0 = Debug|Any CPU
		{96AF1563-223A-4A39-B8F9-13BBA15A4ADE}.Release|Any CPU.ActiveCfg = Release|Any CPU
		{96AF1563-223A-4A39-B8F9-13BBA15A4ADE}.Release|Any CPU.Build.0 = Release|Any CPU
		{96AF1563-223A-4A39-B8F9-13BBA15A4ADE}.Release|ARM.ActiveCfg = Release|Any CPU
		{96AF1563-223A-4A39-B8F9-13BBA15A4ADE}.Release|ARM.Build.0 = Release|Any CPU
		{96AF1563-223A-4A39-B8F9-13BBA15A4ADE}.Release|ARM64.ActiveCfg = Release|Any CPU
		{96AF1563-223A-4A39-B8F9-13BBA15A4ADE}.Release|ARM64.Build.0 = Release|Any CPU
		{96AF1563-223A-4A39-B8F9-13BBA15A4ADE}.Release|x64.ActiveCfg = Release|Any CPU
		{96AF1563-223A-4A39-B8F9-13BBA15A4ADE}.Release|x64.Build.0 = Release|Any CPU
		{96AF1563-223A-4A39-B8F9-13BBA15A4ADE}.Release|x86.ActiveCfg = Release|Any CPU
		{96AF1563-223A-4A39-B8F9-13BBA15A4ADE}.Release|x86.Build.0 = Release|Any CPU
		{6690634D-6BC2-4332-97E9-8AD49E60457B}.Build|Any CPU.ActiveCfg = Debug|x64
		{6690634D-6BC2-4332-97E9-8AD49E60457B}.Build|Any CPU.Build.0 = Debug|x64
		{6690634D-6BC2-4332-97E9-8AD49E60457B}.Build|ARM.ActiveCfg = Debug|x64
		{6690634D-6BC2-4332-97E9-8AD49E60457B}.Build|ARM.Build.0 = Debug|x64
		{6690634D-6BC2-4332-97E9-8AD49E60457B}.Build|ARM64.ActiveCfg = Debug|x64
		{6690634D-6BC2-4332-97E9-8AD49E60457B}.Build|ARM64.Build.0 = Debug|x64
		{6690634D-6BC2-4332-97E9-8AD49E60457B}.Build|x64.ActiveCfg = Debug|x64
		{6690634D-6BC2-4332-97E9-8AD49E60457B}.Build|x64.Build.0 = Debug|x64
		{6690634D-6BC2-4332-97E9-8AD49E60457B}.Build|x86.ActiveCfg = Debug|Win32
		{6690634D-6BC2-4332-97E9-8AD49E60457B}.Build|x86.Build.0 = Debug|Win32
		{6690634D-6BC2-4332-97E9-8AD49E60457B}.Debug|Any CPU.ActiveCfg = Debug|x64
		{6690634D-6BC2-4332-97E9-8AD49E60457B}.Debug|Any CPU.Build.0 = Debug|x64
		{6690634D-6BC2-4332-97E9-8AD49E60457B}.Debug|ARM.ActiveCfg = Debug|x64
		{6690634D-6BC2-4332-97E9-8AD49E60457B}.Debug|ARM.Build.0 = Debug|x64
		{6690634D-6BC2-4332-97E9-8AD49E60457B}.Debug|ARM64.ActiveCfg = Debug|x64
		{6690634D-6BC2-4332-97E9-8AD49E60457B}.Debug|ARM64.Build.0 = Debug|x64
		{6690634D-6BC2-4332-97E9-8AD49E60457B}.Debug|x64.ActiveCfg = Debug|x64
		{6690634D-6BC2-4332-97E9-8AD49E60457B}.Debug|x64.Build.0 = Debug|x64
		{6690634D-6BC2-4332-97E9-8AD49E60457B}.Debug|x86.ActiveCfg = Debug|Win32
		{6690634D-6BC2-4332-97E9-8AD49E60457B}.Debug|x86.Build.0 = Debug|Win32
		{6690634D-6BC2-4332-97E9-8AD49E60457B}.Release|Any CPU.ActiveCfg = Release|x64
		{6690634D-6BC2-4332-97E9-8AD49E60457B}.Release|Any CPU.Build.0 = Release|x64
		{6690634D-6BC2-4332-97E9-8AD49E60457B}.Release|ARM.ActiveCfg = Release|x64
		{6690634D-6BC2-4332-97E9-8AD49E60457B}.Release|ARM.Build.0 = Release|x64
		{6690634D-6BC2-4332-97E9-8AD49E60457B}.Release|ARM64.ActiveCfg = Release|x64
		{6690634D-6BC2-4332-97E9-8AD49E60457B}.Release|ARM64.Build.0 = Release|x64
		{6690634D-6BC2-4332-97E9-8AD49E60457B}.Release|x64.ActiveCfg = Release|x64
		{6690634D-6BC2-4332-97E9-8AD49E60457B}.Release|x64.Build.0 = Release|x64
		{6690634D-6BC2-4332-97E9-8AD49E60457B}.Release|x86.ActiveCfg = Release|Win32
		{6690634D-6BC2-4332-97E9-8AD49E60457B}.Release|x86.Build.0 = Release|Win32
		{8866BA66-2820-470C-957A-7883BE65DF96}.Build|Any CPU.ActiveCfg = Debug|x64
		{8866BA66-2820-470C-957A-7883BE65DF96}.Build|Any CPU.Build.0 = Debug|x64
		{8866BA66-2820-470C-957A-7883BE65DF96}.Build|ARM.ActiveCfg = Debug|x64
		{8866BA66-2820-470C-957A-7883BE65DF96}.Build|ARM.Build.0 = Debug|x64
		{8866BA66-2820-470C-957A-7883BE65DF96}.Build|ARM64.ActiveCfg = Debug|x64
		{8866BA66-2820-470C-957A-7883BE65DF96}.Build|ARM64.Build.0 = Debug|x64
		{8866BA66-2820-470C-957A-7883BE65DF96}.Build|x64.ActiveCfg = Debug|x64
		{8866BA66-2820-470C-957A-7883BE65DF96}.Build|x64.Build.0 = Debug|x64
		{8866BA66-2820-470C-957A-7883BE65DF96}.Build|x86.ActiveCfg = Debug|Win32
		{8866BA66-2820-470C-957A-7883BE65DF96}.Build|x86.Build.0 = Debug|Win32
		{8866BA66-2820-470C-957A-7883BE65DF96}.Debug|Any CPU.ActiveCfg = Debug|x64
		{8866BA66-2820-470C-957A-7883BE65DF96}.Debug|Any CPU.Build.0 = Debug|x64
		{8866BA66-2820-470C-957A-7883BE65DF96}.Debug|ARM.ActiveCfg = Debug|x64
		{8866BA66-2820-470C-957A-7883BE65DF96}.Debug|ARM.Build.0 = Debug|x64
		{8866BA66-2820-470C-957A-7883BE65DF96}.Debug|ARM64.ActiveCfg = Debug|x64
		{8866BA66-2820-470C-957A-7883BE65DF96}.Debug|ARM64.Build.0 = Debug|x64
		{8866BA66-2820-470C-957A-7883BE65DF96}.Debug|x64.ActiveCfg = Debug|x64
		{8866BA66-2820-470C-957A-7883BE65DF96}.Debug|x64.Build.0 = Debug|x64
		{8866BA66-2820-470C-957A-7883BE65DF96}.Debug|x86.ActiveCfg = Debug|Win32
		{8866BA66-2820-470C-957A-7883BE65DF96}.Debug|x86.Build.0 = Debug|Win32
		{8866BA66-2820-470C-957A-7883BE65DF96}.Release|Any CPU.ActiveCfg = Release|x64
		{8866BA66-2820-470C-957A-7883BE65DF96}.Release|Any CPU.Build.0 = Release|x64
		{8866BA66-2820-470C-957A-7883BE65DF96}.Release|ARM.ActiveCfg = Release|x64
		{8866BA66-2820-470C-957A-7883BE65DF96}.Release|ARM.Build.0 = Release|x64
		{8866BA66-2820-470C-957A-7883BE65DF96}.Release|ARM64.ActiveCfg = Release|x64
		{8866BA66-2820-470C-957A-7883BE65DF96}.Release|ARM64.Build.0 = Release|x64
		{8866BA66-2820-470C-957A-7883BE65DF96}.Release|x64.ActiveCfg = Release|x64
		{8866BA66-2820-470C-957A-7883BE65DF96}.Release|x64.Build.0 = Release|x64
		{8866BA66-2820-470C-957A-7883BE65DF96}.Release|x86.ActiveCfg = Release|Win32
		{8866BA66-2820-470C-957A-7883BE65DF96}.Release|x86.Build.0 = Release|Win32
	EndGlobalSection
	GlobalSection(SolutionProperties) = preSolution
		HideSolutionNode = FALSE
	EndGlobalSection
	GlobalSection(NestedProjects) = preSolution
		{84B6F2B7-13D6-496B-8CAF-608E0CC0DEA0} = {5A289988-A100-41DA-B297-F4A3DE001B78}
		{B3EAA001-CAD9-46DA-B0FA-62B64007EA39} = {5A289988-A100-41DA-B297-F4A3DE001B78}
		{18A31D32-6FC6-4380-891E-F783C04BF2CD} = {5A289988-A100-41DA-B297-F4A3DE001B78}
		{3DEF7C11-4726-4CC9-B31C-79B10D689F16} = {46337DBB-9B25-4B23-B7A8-1873A1522B04}
		{971E9510-5D09-44A3-9689-5B44A500DF08} = {46337DBB-9B25-4B23-B7A8-1873A1522B04}
		{984A4BA8-BFA8-40DE-9C1E-E9FE2D765282} = {5A289988-A100-41DA-B297-F4A3DE001B78}
		{AB156C6F-56B1-4DF4-B69B-5C24BB6C75D0} = {46337DBB-9B25-4B23-B7A8-1873A1522B04}
		{96AF1563-223A-4A39-B8F9-13BBA15A4ADE} = {46337DBB-9B25-4B23-B7A8-1873A1522B04}
		{6690634D-6BC2-4332-97E9-8AD49E60457B} = {A6A3704E-5606-423F-BF3C-771BFFAA70AA}
		{8866BA66-2820-470C-957A-7883BE65DF96} = {A6A3704E-5606-423F-BF3C-771BFFAA70AA}
	EndGlobalSection
	GlobalSection(ExtensibilityGlobals) = postSolution
		SolutionGuid = {E2B6A644-F820-4AB3-8508-C3C59838C955}
		RESX_Rules = {"EnabledRules":["StringFormat"]}
		RESX_ShowErrorsInErrorList = False
	EndGlobalSection
EndGlobal
