
Microsoft Visual Studio Solution File, Format Version 12.00
# Visual Studio Version 16
VisualStudioVersion = 16.0.29609.76
MinimumVisualStudioVersion = 10.0.40219.1
Project("{9A19103F-16F7-4668-BE54-9A1E7A4F7556}") = "Sudoku.Terminal", "Sudoku.Terminal\Sudoku.Terminal.csproj", "{9C247E3D-AEC4-4DCA-841B-D554A8A1631E}"
EndProject
Project("{9A19103F-16F7-4668-BE54-9A1E7A4F7556}") = "Sudoku.Diagnostics", "Sudoku.Diagnostics\Sudoku.Diagnostics.csproj", "{113B6C9D-2160-49B9-8493-37EC5C48609A}"
EndProject
Project("{2150E333-8FDC-42A3-9474-1A3956D46DE8}") = "Solution Items", "Solution Items", "{5A289988-A100-41DA-B297-F4A3DE001B78}"
	ProjectSection(SolutionItems) = preProject
		.editorconfig = .editorconfig
		Priority of operators.txt = Priority of operators.txt
	EndProjectSection
EndProject
Project("{9A19103F-16F7-4668-BE54-9A1E7A4F7556}") = "Sudoku.Core.Old", "Sudoku.Core.Old\Sudoku.Core.Old.csproj", "{3FB299AD-C361-4528-B584-2000AF705355}"
EndProject
Project("{9A19103F-16F7-4668-BE54-9A1E7A4F7556}") = "Sudoku.IO", "Sudoku.IO\Sudoku.IO.csproj", "{3D8177EE-6E8C-415A-9848-C4CF51A11D80}"
EndProject
Project("{9A19103F-16F7-4668-BE54-9A1E7A4F7556}") = "Sudoku.Debugging", "Sudoku.Debugging\Sudoku.Debugging.csproj", "{0E1D4D29-4563-4709-ADD9-C80C30F9A010}"
EndProject
Project("{9A19103F-16F7-4668-BE54-9A1E7A4F7556}") = "Sudoku.Solving", "Sudoku.Solving\Sudoku.Solving.csproj", "{C8227C2F-9495-4C41-9B27-5DE5CB1F5BEC}"
EndProject
Project("{9A19103F-16F7-4668-BE54-9A1E7A4F7556}") = "Sudoku.Drawing", "Sudoku.Drawing\Sudoku.Drawing.csproj", "{33CF3E11-B08E-4D29-B3EF-CE9BD666A8D7}"
EndProject
Project("{8BC9CEB8-8B4A-11D0-8D11-00A0C91BC942}") = "Sudoku.Solving.BruteForces.Bitwise", "Sudoku.Solving.BruteForces.Bitwise\Sudoku.Solving.BruteForces.Bitwise.vcxproj", "{703B7FE8-F11E-47A0-BCD4-18A495B24C3A}"
EndProject
Project("{9A19103F-16F7-4668-BE54-9A1E7A4F7556}") = "Sudoku.Core", "Sudoku.Core\Sudoku.Core.csproj", "{FCD247BE-77B3-4091-BDB5-1EEB768938B7}"
EndProject
Project("{9A19103F-16F7-4668-BE54-9A1E7A4F7556}") = "Sudoku.Generating", "Sudoku.Generating\Sudoku.Generating.csproj", "{E69492F9-51EE-4BB7-AFB9-E2A57F00F9B9}"
EndProject
Project("{9A19103F-16F7-4668-BE54-9A1E7A4F7556}") = "Sudoku.Forms", "Sudoku.Forms\Sudoku.Forms.csproj", "{C58A279B-CB2D-4261-9977-FC8FCDE2CA3C}"
EndProject
Global
	GlobalSection(SolutionConfigurationPlatforms) = preSolution
		Debug|Any CPU = Debug|Any CPU
		Debug|x64 = Debug|x64
		Debug|x86 = Debug|x86
		Release|Any CPU = Release|Any CPU
		Release|x64 = Release|x64
		Release|x86 = Release|x86
	EndGlobalSection
	GlobalSection(ProjectConfigurationPlatforms) = postSolution
		{9C247E3D-AEC4-4DCA-841B-D554A8A1631E}.Debug|Any CPU.ActiveCfg = Debug|Any CPU
		{9C247E3D-AEC4-4DCA-841B-D554A8A1631E}.Debug|Any CPU.Build.0 = Debug|Any CPU
		{9C247E3D-AEC4-4DCA-841B-D554A8A1631E}.Debug|x64.ActiveCfg = Debug|Any CPU
		{9C247E3D-AEC4-4DCA-841B-D554A8A1631E}.Debug|x64.Build.0 = Debug|Any CPU
		{9C247E3D-AEC4-4DCA-841B-D554A8A1631E}.Debug|x86.ActiveCfg = Debug|Any CPU
		{9C247E3D-AEC4-4DCA-841B-D554A8A1631E}.Debug|x86.Build.0 = Debug|Any CPU
		{9C247E3D-AEC4-4DCA-841B-D554A8A1631E}.Release|Any CPU.ActiveCfg = Release|Any CPU
		{9C247E3D-AEC4-4DCA-841B-D554A8A1631E}.Release|Any CPU.Build.0 = Release|Any CPU
		{9C247E3D-AEC4-4DCA-841B-D554A8A1631E}.Release|x64.ActiveCfg = Release|Any CPU
		{9C247E3D-AEC4-4DCA-841B-D554A8A1631E}.Release|x64.Build.0 = Release|Any CPU
		{9C247E3D-AEC4-4DCA-841B-D554A8A1631E}.Release|x86.ActiveCfg = Release|Any CPU
		{9C247E3D-AEC4-4DCA-841B-D554A8A1631E}.Release|x86.Build.0 = Release|Any CPU
		{113B6C9D-2160-49B9-8493-37EC5C48609A}.Debug|Any CPU.ActiveCfg = Debug|Any CPU
		{113B6C9D-2160-49B9-8493-37EC5C48609A}.Debug|Any CPU.Build.0 = Debug|Any CPU
		{113B6C9D-2160-49B9-8493-37EC5C48609A}.Debug|x64.ActiveCfg = Debug|Any CPU
		{113B6C9D-2160-49B9-8493-37EC5C48609A}.Debug|x64.Build.0 = Debug|Any CPU
		{113B6C9D-2160-49B9-8493-37EC5C48609A}.Debug|x86.ActiveCfg = Debug|Any CPU
		{113B6C9D-2160-49B9-8493-37EC5C48609A}.Debug|x86.Build.0 = Debug|Any CPU
		{113B6C9D-2160-49B9-8493-37EC5C48609A}.Release|Any CPU.ActiveCfg = Release|Any CPU
		{113B6C9D-2160-49B9-8493-37EC5C48609A}.Release|Any CPU.Build.0 = Release|Any CPU
		{113B6C9D-2160-49B9-8493-37EC5C48609A}.Release|x64.ActiveCfg = Release|Any CPU
		{113B6C9D-2160-49B9-8493-37EC5C48609A}.Release|x64.Build.0 = Release|Any CPU
		{113B6C9D-2160-49B9-8493-37EC5C48609A}.Release|x86.ActiveCfg = Release|Any CPU
		{113B6C9D-2160-49B9-8493-37EC5C48609A}.Release|x86.Build.0 = Release|Any CPU
		{3FB299AD-C361-4528-B584-2000AF705355}.Debug|Any CPU.ActiveCfg = Debug|Any CPU
		{3FB299AD-C361-4528-B584-2000AF705355}.Debug|Any CPU.Build.0 = Debug|Any CPU
		{3FB299AD-C361-4528-B584-2000AF705355}.Debug|x64.ActiveCfg = Debug|Any CPU
		{3FB299AD-C361-4528-B584-2000AF705355}.Debug|x64.Build.0 = Debug|Any CPU
		{3FB299AD-C361-4528-B584-2000AF705355}.Debug|x86.ActiveCfg = Debug|Any CPU
		{3FB299AD-C361-4528-B584-2000AF705355}.Debug|x86.Build.0 = Debug|Any CPU
		{3FB299AD-C361-4528-B584-2000AF705355}.Release|Any CPU.ActiveCfg = Release|Any CPU
		{3FB299AD-C361-4528-B584-2000AF705355}.Release|Any CPU.Build.0 = Release|Any CPU
		{3FB299AD-C361-4528-B584-2000AF705355}.Release|x64.ActiveCfg = Release|Any CPU
		{3FB299AD-C361-4528-B584-2000AF705355}.Release|x64.Build.0 = Release|Any CPU
		{3FB299AD-C361-4528-B584-2000AF705355}.Release|x86.ActiveCfg = Release|Any CPU
		{3FB299AD-C361-4528-B584-2000AF705355}.Release|x86.Build.0 = Release|Any CPU
		{3D8177EE-6E8C-415A-9848-C4CF51A11D80}.Debug|Any CPU.ActiveCfg = Debug|Any CPU
		{3D8177EE-6E8C-415A-9848-C4CF51A11D80}.Debug|Any CPU.Build.0 = Debug|Any CPU
		{3D8177EE-6E8C-415A-9848-C4CF51A11D80}.Debug|x64.ActiveCfg = Debug|Any CPU
		{3D8177EE-6E8C-415A-9848-C4CF51A11D80}.Debug|x64.Build.0 = Debug|Any CPU
		{3D8177EE-6E8C-415A-9848-C4CF51A11D80}.Debug|x86.ActiveCfg = Debug|Any CPU
		{3D8177EE-6E8C-415A-9848-C4CF51A11D80}.Debug|x86.Build.0 = Debug|Any CPU
		{3D8177EE-6E8C-415A-9848-C4CF51A11D80}.Release|Any CPU.ActiveCfg = Release|Any CPU
		{3D8177EE-6E8C-415A-9848-C4CF51A11D80}.Release|Any CPU.Build.0 = Release|Any CPU
		{3D8177EE-6E8C-415A-9848-C4CF51A11D80}.Release|x64.ActiveCfg = Release|Any CPU
		{3D8177EE-6E8C-415A-9848-C4CF51A11D80}.Release|x64.Build.0 = Release|Any CPU
		{3D8177EE-6E8C-415A-9848-C4CF51A11D80}.Release|x86.ActiveCfg = Release|Any CPU
		{3D8177EE-6E8C-415A-9848-C4CF51A11D80}.Release|x86.Build.0 = Release|Any CPU
		{0E1D4D29-4563-4709-ADD9-C80C30F9A010}.Debug|Any CPU.ActiveCfg = Debug|Any CPU
		{0E1D4D29-4563-4709-ADD9-C80C30F9A010}.Debug|Any CPU.Build.0 = Debug|Any CPU
		{0E1D4D29-4563-4709-ADD9-C80C30F9A010}.Debug|x64.ActiveCfg = Debug|Any CPU
		{0E1D4D29-4563-4709-ADD9-C80C30F9A010}.Debug|x64.Build.0 = Debug|Any CPU
		{0E1D4D29-4563-4709-ADD9-C80C30F9A010}.Debug|x86.ActiveCfg = Debug|Any CPU
		{0E1D4D29-4563-4709-ADD9-C80C30F9A010}.Debug|x86.Build.0 = Debug|Any CPU
		{0E1D4D29-4563-4709-ADD9-C80C30F9A010}.Release|Any CPU.ActiveCfg = Release|Any CPU
		{0E1D4D29-4563-4709-ADD9-C80C30F9A010}.Release|Any CPU.Build.0 = Release|Any CPU
		{0E1D4D29-4563-4709-ADD9-C80C30F9A010}.Release|x64.ActiveCfg = Release|Any CPU
		{0E1D4D29-4563-4709-ADD9-C80C30F9A010}.Release|x64.Build.0 = Release|Any CPU
		{0E1D4D29-4563-4709-ADD9-C80C30F9A010}.Release|x86.ActiveCfg = Release|Any CPU
		{0E1D4D29-4563-4709-ADD9-C80C30F9A010}.Release|x86.Build.0 = Release|Any CPU
		{C8227C2F-9495-4C41-9B27-5DE5CB1F5BEC}.Debug|Any CPU.ActiveCfg = Debug|Any CPU
		{C8227C2F-9495-4C41-9B27-5DE5CB1F5BEC}.Debug|Any CPU.Build.0 = Debug|Any CPU
		{C8227C2F-9495-4C41-9B27-5DE5CB1F5BEC}.Debug|x64.ActiveCfg = Debug|Any CPU
		{C8227C2F-9495-4C41-9B27-5DE5CB1F5BEC}.Debug|x64.Build.0 = Debug|Any CPU
		{C8227C2F-9495-4C41-9B27-5DE5CB1F5BEC}.Debug|x86.ActiveCfg = Debug|Any CPU
		{C8227C2F-9495-4C41-9B27-5DE5CB1F5BEC}.Debug|x86.Build.0 = Debug|Any CPU
		{C8227C2F-9495-4C41-9B27-5DE5CB1F5BEC}.Release|Any CPU.ActiveCfg = Release|Any CPU
		{C8227C2F-9495-4C41-9B27-5DE5CB1F5BEC}.Release|Any CPU.Build.0 = Release|Any CPU
		{C8227C2F-9495-4C41-9B27-5DE5CB1F5BEC}.Release|x64.ActiveCfg = Release|Any CPU
		{C8227C2F-9495-4C41-9B27-5DE5CB1F5BEC}.Release|x64.Build.0 = Release|Any CPU
		{C8227C2F-9495-4C41-9B27-5DE5CB1F5BEC}.Release|x86.ActiveCfg = Release|Any CPU
		{C8227C2F-9495-4C41-9B27-5DE5CB1F5BEC}.Release|x86.Build.0 = Release|Any CPU
		{33CF3E11-B08E-4D29-B3EF-CE9BD666A8D7}.Debug|Any CPU.ActiveCfg = Debug|Any CPU
		{33CF3E11-B08E-4D29-B3EF-CE9BD666A8D7}.Debug|Any CPU.Build.0 = Debug|Any CPU
		{33CF3E11-B08E-4D29-B3EF-CE9BD666A8D7}.Debug|x64.ActiveCfg = Debug|Any CPU
		{33CF3E11-B08E-4D29-B3EF-CE9BD666A8D7}.Debug|x64.Build.0 = Debug|Any CPU
		{33CF3E11-B08E-4D29-B3EF-CE9BD666A8D7}.Debug|x86.ActiveCfg = Debug|Any CPU
		{33CF3E11-B08E-4D29-B3EF-CE9BD666A8D7}.Debug|x86.Build.0 = Debug|Any CPU
		{33CF3E11-B08E-4D29-B3EF-CE9BD666A8D7}.Release|Any CPU.ActiveCfg = Release|Any CPU
		{33CF3E11-B08E-4D29-B3EF-CE9BD666A8D7}.Release|Any CPU.Build.0 = Release|Any CPU
		{33CF3E11-B08E-4D29-B3EF-CE9BD666A8D7}.Release|x64.ActiveCfg = Release|Any CPU
		{33CF3E11-B08E-4D29-B3EF-CE9BD666A8D7}.Release|x64.Build.0 = Release|Any CPU
		{33CF3E11-B08E-4D29-B3EF-CE9BD666A8D7}.Release|x86.ActiveCfg = Release|Any CPU
		{33CF3E11-B08E-4D29-B3EF-CE9BD666A8D7}.Release|x86.Build.0 = Release|Any CPU
		{703B7FE8-F11E-47A0-BCD4-18A495B24C3A}.Debug|Any CPU.ActiveCfg = Debug|Win32
		{703B7FE8-F11E-47A0-BCD4-18A495B24C3A}.Debug|x64.ActiveCfg = Debug|x64
		{703B7FE8-F11E-47A0-BCD4-18A495B24C3A}.Debug|x64.Build.0 = Debug|x64
		{703B7FE8-F11E-47A0-BCD4-18A495B24C3A}.Debug|x86.ActiveCfg = Debug|Win32
		{703B7FE8-F11E-47A0-BCD4-18A495B24C3A}.Debug|x86.Build.0 = Debug|Win32
		{703B7FE8-F11E-47A0-BCD4-18A495B24C3A}.Release|Any CPU.ActiveCfg = Release|Win32
		{703B7FE8-F11E-47A0-BCD4-18A495B24C3A}.Release|x64.ActiveCfg = Release|x64
		{703B7FE8-F11E-47A0-BCD4-18A495B24C3A}.Release|x64.Build.0 = Release|x64
		{703B7FE8-F11E-47A0-BCD4-18A495B24C3A}.Release|x86.ActiveCfg = Release|Win32
		{703B7FE8-F11E-47A0-BCD4-18A495B24C3A}.Release|x86.Build.0 = Release|Win32
		{FCD247BE-77B3-4091-BDB5-1EEB768938B7}.Debug|Any CPU.ActiveCfg = Debug|Any CPU
		{FCD247BE-77B3-4091-BDB5-1EEB768938B7}.Debug|Any CPU.Build.0 = Debug|Any CPU
		{FCD247BE-77B3-4091-BDB5-1EEB768938B7}.Debug|x64.ActiveCfg = Debug|Any CPU
		{FCD247BE-77B3-4091-BDB5-1EEB768938B7}.Debug|x64.Build.0 = Debug|Any CPU
		{FCD247BE-77B3-4091-BDB5-1EEB768938B7}.Debug|x86.ActiveCfg = Debug|Any CPU
		{FCD247BE-77B3-4091-BDB5-1EEB768938B7}.Debug|x86.Build.0 = Debug|Any CPU
		{FCD247BE-77B3-4091-BDB5-1EEB768938B7}.Release|Any CPU.ActiveCfg = Release|Any CPU
		{FCD247BE-77B3-4091-BDB5-1EEB768938B7}.Release|Any CPU.Build.0 = Release|Any CPU
		{FCD247BE-77B3-4091-BDB5-1EEB768938B7}.Release|x64.ActiveCfg = Release|Any CPU
		{FCD247BE-77B3-4091-BDB5-1EEB768938B7}.Release|x64.Build.0 = Release|Any CPU
		{FCD247BE-77B3-4091-BDB5-1EEB768938B7}.Release|x86.ActiveCfg = Release|Any CPU
		{FCD247BE-77B3-4091-BDB5-1EEB768938B7}.Release|x86.Build.0 = Release|Any CPU
		{E69492F9-51EE-4BB7-AFB9-E2A57F00F9B9}.Debug|Any CPU.ActiveCfg = Debug|Any CPU
		{E69492F9-51EE-4BB7-AFB9-E2A57F00F9B9}.Debug|Any CPU.Build.0 = Debug|Any CPU
		{E69492F9-51EE-4BB7-AFB9-E2A57F00F9B9}.Debug|x64.ActiveCfg = Debug|Any CPU
		{E69492F9-51EE-4BB7-AFB9-E2A57F00F9B9}.Debug|x64.Build.0 = Debug|Any CPU
		{E69492F9-51EE-4BB7-AFB9-E2A57F00F9B9}.Debug|x86.ActiveCfg = Debug|Any CPU
		{E69492F9-51EE-4BB7-AFB9-E2A57F00F9B9}.Debug|x86.Build.0 = Debug|Any CPU
		{E69492F9-51EE-4BB7-AFB9-E2A57F00F9B9}.Release|Any CPU.ActiveCfg = Release|Any CPU
		{E69492F9-51EE-4BB7-AFB9-E2A57F00F9B9}.Release|Any CPU.Build.0 = Release|Any CPU
		{E69492F9-51EE-4BB7-AFB9-E2A57F00F9B9}.Release|x64.ActiveCfg = Release|Any CPU
		{E69492F9-51EE-4BB7-AFB9-E2A57F00F9B9}.Release|x64.Build.0 = Release|Any CPU
		{E69492F9-51EE-4BB7-AFB9-E2A57F00F9B9}.Release|x86.ActiveCfg = Release|Any CPU
		{E69492F9-51EE-4BB7-AFB9-E2A57F00F9B9}.Release|x86.Build.0 = Release|Any CPU
		{C58A279B-CB2D-4261-9977-FC8FCDE2CA3C}.Debug|Any CPU.ActiveCfg = Debug|Any CPU
		{C58A279B-CB2D-4261-9977-FC8FCDE2CA3C}.Debug|Any CPU.Build.0 = Debug|Any CPU
		{C58A279B-CB2D-4261-9977-FC8FCDE2CA3C}.Debug|x64.ActiveCfg = Debug|Any CPU
		{C58A279B-CB2D-4261-9977-FC8FCDE2CA3C}.Debug|x64.Build.0 = Debug|Any CPU
		{C58A279B-CB2D-4261-9977-FC8FCDE2CA3C}.Debug|x86.ActiveCfg = Debug|Any CPU
		{C58A279B-CB2D-4261-9977-FC8FCDE2CA3C}.Debug|x86.Build.0 = Debug|Any CPU
		{C58A279B-CB2D-4261-9977-FC8FCDE2CA3C}.Release|Any CPU.ActiveCfg = Release|Any CPU
		{C58A279B-CB2D-4261-9977-FC8FCDE2CA3C}.Release|Any CPU.Build.0 = Release|Any CPU
		{C58A279B-CB2D-4261-9977-FC8FCDE2CA3C}.Release|x64.ActiveCfg = Release|Any CPU
		{C58A279B-CB2D-4261-9977-FC8FCDE2CA3C}.Release|x64.Build.0 = Release|Any CPU
		{C58A279B-CB2D-4261-9977-FC8FCDE2CA3C}.Release|x86.ActiveCfg = Release|Any CPU
		{C58A279B-CB2D-4261-9977-FC8FCDE2CA3C}.Release|x86.Build.0 = Release|Any CPU
	EndGlobalSection
	GlobalSection(SolutionProperties) = preSolution
		HideSolutionNode = FALSE
	EndGlobalSection
	GlobalSection(ExtensibilityGlobals) = postSolution
		SolutionGuid = {E2B6A644-F820-4AB3-8508-C3C59838C955}
	EndGlobalSection
EndGlobal
