<?xml version="1.0" encoding="utf-8"?>
<Project ToolsVersion="4.0" xmlns="http://schemas.microsoft.com/developer/msbuild/2003">
  <ItemGroup>
    <ClCompile Include="program.cpp" />
  </ItemGroup>
  <ItemGroup>
    <ClInclude Include="bestTripletPermutation.h" />
    <ClInclude Include="constants.h" />
    <ClInclude Include="gridPattern.h" />
    <ClInclude Include="mapper.h" />
    <ClInclude Include="minLexCandidate.h" />
  </ItemGroup>
</Project>